
Microsoft Visual Studio Solution File, Format Version 12.00
# Visual Studio 15
VisualStudioVersion = 15.0.26124.0
MinimumVisualStudioVersion = 15.0.26124.0
Project("{2150E333-8FDC-42A3-9474-1A3956D46DE8}") = "Source", "Source", "{3FA56ED1-54B2-484B-8FDD-AE8F2FA6DB0C}"
EndProject
Project("{FAE04EC0-301F-11D3-BF4B-00C04F79EFBC}") = "SDK", "Source\SDK\SDK.csproj", "{F67B408C-03BC-4EBE-B20B-41C40154F42E}"
EndProject
Global
	GlobalSection(SolutionConfigurationPlatforms) = preSolution
		Debug|Any CPU = Debug|Any CPU
		Debug|x64 = Debug|x64
		Debug|x86 = Debug|x86
		Release|Any CPU = Release|Any CPU
		Release|x64 = Release|x64
		Release|x86 = Release|x86
	EndGlobalSection
	GlobalSection(SolutionProperties) = preSolution
		HideSolutionNode = FALSE
	EndGlobalSection
	GlobalSection(ProjectConfigurationPlatforms) = postSolution
		{F67B408C-03BC-4EBE-B20B-41C40154F42E}.Debug|Any CPU.ActiveCfg = Debug|Any CPU
		{F67B408C-03BC-4EBE-B20B-41C40154F42E}.Debug|Any CPU.Build.0 = Debug|Any CPU
		{F67B408C-03BC-4EBE-B20B-41C40154F42E}.Debug|x64.ActiveCfg = Debug|Any CPU
		{F67B408C-03BC-4EBE-B20B-41C40154F42E}.Debug|x64.Build.0 = Debug|Any CPU
		{F67B408C-03BC-4EBE-B20B-41C40154F42E}.Debug|x86.ActiveCfg = Debug|Any CPU
		{F67B408C-03BC-4EBE-B20B-41C40154F42E}.Debug|x86.Build.0 = Debug|Any CPU
		{F67B408C-03BC-4EBE-B20B-41C40154F42E}.Release|Any CPU.ActiveCfg = Release|Any CPU
		{F67B408C-03BC-4EBE-B20B-41C40154F42E}.Release|Any CPU.Build.0 = Release|Any CPU
		{F67B408C-03BC-4EBE-B20B-41C40154F42E}.Release|x64.ActiveCfg = Release|Any CPU
		{F67B408C-03BC-4EBE-B20B-41C40154F42E}.Release|x64.Build.0 = Release|Any CPU
		{F67B408C-03BC-4EBE-B20B-41C40154F42E}.Release|x86.ActiveCfg = Release|Any CPU
		{F67B408C-03BC-4EBE-B20B-41C40154F42E}.Release|x86.Build.0 = Release|Any CPU
	EndGlobalSection
	GlobalSection(NestedProjects) = preSolution
		{F67B408C-03BC-4EBE-B20B-41C40154F42E} = {3FA56ED1-54B2-484B-8FDD-AE8F2FA6DB0C}
	EndGlobalSection
EndGlobal
