
Microsoft Visual Studio Solution File, Format Version 12.00
# Visual Studio 15
VisualStudioVersion = 15.0.26124.0
MinimumVisualStudioVersion = 15.0.26124.0
Project("{FAE04EC0-301F-11D3-BF4B-00C04F79EFBC}") = "Extensions.AspNet", "Source\Extensions.AspNet\Extensions.AspNet.csproj", "{0E399D53-DA83-48CD-BC1F-AD8B5027875F}"
EndProject
Project("{FAE04EC0-301F-11D3-BF4B-00C04F79EFBC}") = "Common", "Source\Common\Common.csproj", "{C97536E8-B7FF-444E-A2E1-FFD5061FD8D0}"
EndProject
Project("{FAE04EC0-301F-11D3-BF4B-00C04F79EFBC}") = "Common", "Specifications\Common\Common.csproj", "{D5996342-B476-4036-AEC9-478C620E28EB}"
EndProject
Project("{FAE04EC0-301F-11D3-BF4B-00C04F79EFBC}") = "Projections", "Specifications\Projections\Projections.csproj", "{8E414D76-242D-4178-8087-951276F088C2}"
EndProject
Project("{2150E333-8FDC-42A3-9474-1A3956D46DE8}") = "Samples", "Samples", "{22418224-6C53-4187-A7FE-BDB8C1763764}"
EndProject
Project("{FAE04EC0-301F-11D3-BF4B-00C04F79EFBC}") = "ASP.NET", "Samples\ASP.NET\ASP.NET.csproj", "{BBD7C933-041B-4CE3-809B-3BAA8DC4B46C}"
EndProject
Project("{FAE04EC0-301F-11D3-BF4B-00C04F79EFBC}") = "MongoDBProjections", "Samples\MongoDBProjections\MongoDBProjections.csproj", "{453C170F-A637-4A53-A939-0F38199715B8}"
EndProject
Project("{FAE04EC0-301F-11D3-BF4B-00C04F79EFBC}") = "Aggregates", "Samples\Tutorials\Aggregates\Aggregates.csproj", "{3E8932D2-723D-4F02-98CB-9AB4DD29C474}"
EndProject
Project("{FAE04EC0-301F-11D3-BF4B-00C04F79EFBC}") = "Embeddings", "Samples\Tutorials\Embeddings\Embeddings.csproj", "{DDB157AA-71F5-4FCD-98F7-D8285978CF39}"
EndProject
Project("{FAE04EC0-301F-11D3-BF4B-00C04F79EFBC}") = "Consumer", "Samples\Tutorials\EventHorizon\Consumer\Consumer.csproj", "{52769C3E-9C1B-4662-97F2-C301AC1125F4}"
EndProject
Project("{FAE04EC0-301F-11D3-BF4B-00C04F79EFBC}") = "Producer", "Samples\Tutorials\EventHorizon\Producer\Producer.csproj", "{6C692997-C15B-4E43-880E-55D481C32BFC}"
EndProject
Project("{FAE04EC0-301F-11D3-BF4B-00C04F79EFBC}") = "Kitchen", "Samples\Tutorials\GettingStarted\Kitchen.csproj", "{98F2FE88-0DAA-497A-A5E6-52B3133A11A9}"
EndProject
Project("{FAE04EC0-301F-11D3-BF4B-00C04F79EFBC}") = "Projections", "Samples\Tutorials\Projections\Projections.csproj", "{74451D7D-7159-4450-B13D-1D31D97B9A9C}"
EndProject
Project("{2150E333-8FDC-42A3-9474-1A3956D46DE8}") = "Benchmarks", "Benchmarks", "{0A8AD18D-38F8-406B-B97D-7E5077662953}"
EndProject
Project("{FAE04EC0-301F-11D3-BF4B-00C04F79EFBC}") = "Harness", "Benchmarks\Harness\Harness.csproj", "{EDD1E1EC-D748-431B-8F02-5E36385364F4}"
EndProject
Project("{FAE04EC0-301F-11D3-BF4B-00C04F79EFBC}") = "SDK", "Benchmarks\SDK\SDK.csproj", "{74B1C681-C43D-4B38-B4AA-BC469E53690F}"
EndProject
Project("{FAE04EC0-301F-11D3-BF4B-00C04F79EFBC}") = "DependencyInjection", "Samples\DependencyInjection\DependencyInjection.csproj", "{593D07B1-99BB-4307-9E10-0CB2D3B6227C}"
EndProject
Project("{FAE04EC0-301F-11D3-BF4B-00C04F79EFBC}") = "Diagnostics", "Source\Diagnostics\Diagnostics.csproj", "{F0C7C800-ED73-49ED-9835-D4BD8D30198E}"
EndProject
Project("{FAE04EC0-301F-11D3-BF4B-00C04F79EFBC}") = "Diagnostics.OpenTelemetry", "Source\Diagnostics.OpenTelemetry\Diagnostics.OpenTelemetry.csproj", "{437AB7C0-4374-4561-A6F4-08628A721038}"
EndProject
Project("{FAE04EC0-301F-11D3-BF4B-00C04F79EFBC}") = "Aggregates", "Tests\Aggregates\Aggregates.csproj", "{894F1EAC-4815-4B88-849A-BE09AC01426F}"
EndProject
Project("{2150E333-8FDC-42A3-9474-1A3956D46DE8}") = "Tests", "Tests", "{E1103442-E3E5-43AE-B5B5-9F1965309E24}"
EndProject
Project("{2150E333-8FDC-42A3-9474-1A3956D46DE8}") = "Meta", "Meta", "{8E6E3E7B-EF5C-4AEB-919B-FED3DB5F3A73}"
	ProjectSection(SolutionItems) = preProject
		README.md = README.md
		specs.props = specs.props
		versions.props = versions.props
		default.props = default.props
		tests.props = tests.props
		base.props = base.props
		netstandard.props = netstandard.props
	EndProjectSection
EndProject
Project("{2150E333-8FDC-42A3-9474-1A3956D46DE8}") = ".github", ".github", "{9A48B407-5649-44A1-9433-04CCD42F48E5}"
	ProjectSection(SolutionItems) = preProject
		.github\ISSUE_TEMPLATE.md = .github\ISSUE_TEMPLATE.md
		.github\PULL_REQUEST_TEMPLATE.md = .github\PULL_REQUEST_TEMPLATE.md
	EndProjectSection
EndProject
Project("{2150E333-8FDC-42A3-9474-1A3956D46DE8}") = "workflows", "workflows", "{257B583D-D4AC-4E78-B010-E1442BA778BF}"
	ProjectSection(SolutionItems) = preProject
		.github\workflows\codeql-analysis.yml = .github\workflows\codeql-analysis.yml
		.github\workflows\dotnet-library.yml = .github\workflows\dotnet-library.yml
		.github\workflows\ms-teams-release.yml = .github\workflows\ms-teams-release.yml
	EndProjectSection
EndProject
Project("{FAE04EC0-301F-11D3-BF4B-00C04F79EFBC}") = "Analyzers", "Source\Analyzers\Analyzers.csproj", "{AA9DA7EB-9DEA-4AA4-B252-6E00A50F9D80}"
EndProject
Project("{FAE04EC0-301F-11D3-BF4B-00C04F79EFBC}") = "Analyzers", "Tests\Analyzers\Analyzers.csproj", "{2B0ACA4A-11D4-4B1D-A3E2-267565619CAD}"
Project("{FAE04EC0-301F-11D3-BF4B-00C04F79EFBC}") = "Testing", "Source\Testing\Testing.csproj", "{068B311B-7B55-44C0-A2B8-F4632C29639D}"
EndProject
Global
	GlobalSection(SolutionConfigurationPlatforms) = preSolution
		Debug|Any CPU = Debug|Any CPU
		Debug|x64 = Debug|x64
		Debug|x86 = Debug|x86
		Release|Any CPU = Release|Any CPU
		Release|x64 = Release|x64
		Release|x86 = Release|x86
	EndGlobalSection
	GlobalSection(SolutionProperties) = preSolution
		HideSolutionNode = FALSE
	EndGlobalSection
	GlobalSection(ProjectConfigurationPlatforms) = postSolution
		{0E399D53-DA83-48CD-BC1F-AD8B5027875F}.Debug|Any CPU.ActiveCfg = Debug|Any CPU
		{0E399D53-DA83-48CD-BC1F-AD8B5027875F}.Debug|Any CPU.Build.0 = Debug|Any CPU
		{0E399D53-DA83-48CD-BC1F-AD8B5027875F}.Debug|x64.ActiveCfg = Debug|Any CPU
		{0E399D53-DA83-48CD-BC1F-AD8B5027875F}.Debug|x64.Build.0 = Debug|Any CPU
		{0E399D53-DA83-48CD-BC1F-AD8B5027875F}.Debug|x86.ActiveCfg = Debug|Any CPU
		{0E399D53-DA83-48CD-BC1F-AD8B5027875F}.Debug|x86.Build.0 = Debug|Any CPU
		{0E399D53-DA83-48CD-BC1F-AD8B5027875F}.Release|Any CPU.ActiveCfg = Release|Any CPU
		{0E399D53-DA83-48CD-BC1F-AD8B5027875F}.Release|Any CPU.Build.0 = Release|Any CPU
		{0E399D53-DA83-48CD-BC1F-AD8B5027875F}.Release|x64.ActiveCfg = Release|Any CPU
		{0E399D53-DA83-48CD-BC1F-AD8B5027875F}.Release|x64.Build.0 = Release|Any CPU
		{0E399D53-DA83-48CD-BC1F-AD8B5027875F}.Release|x86.ActiveCfg = Release|Any CPU
		{0E399D53-DA83-48CD-BC1F-AD8B5027875F}.Release|x86.Build.0 = Release|Any CPU
		{C97536E8-B7FF-444E-A2E1-FFD5061FD8D0}.Debug|Any CPU.ActiveCfg = Debug|Any CPU
		{C97536E8-B7FF-444E-A2E1-FFD5061FD8D0}.Debug|Any CPU.Build.0 = Debug|Any CPU
		{C97536E8-B7FF-444E-A2E1-FFD5061FD8D0}.Debug|x64.ActiveCfg = Debug|Any CPU
		{C97536E8-B7FF-444E-A2E1-FFD5061FD8D0}.Debug|x64.Build.0 = Debug|Any CPU
		{C97536E8-B7FF-444E-A2E1-FFD5061FD8D0}.Debug|x86.ActiveCfg = Debug|Any CPU
		{C97536E8-B7FF-444E-A2E1-FFD5061FD8D0}.Debug|x86.Build.0 = Debug|Any CPU
		{C97536E8-B7FF-444E-A2E1-FFD5061FD8D0}.Release|Any CPU.ActiveCfg = Release|Any CPU
		{C97536E8-B7FF-444E-A2E1-FFD5061FD8D0}.Release|Any CPU.Build.0 = Release|Any CPU
		{C97536E8-B7FF-444E-A2E1-FFD5061FD8D0}.Release|x64.ActiveCfg = Release|Any CPU
		{C97536E8-B7FF-444E-A2E1-FFD5061FD8D0}.Release|x64.Build.0 = Release|Any CPU
		{C97536E8-B7FF-444E-A2E1-FFD5061FD8D0}.Release|x86.ActiveCfg = Release|Any CPU
		{C97536E8-B7FF-444E-A2E1-FFD5061FD8D0}.Release|x86.Build.0 = Release|Any CPU
		{D5996342-B476-4036-AEC9-478C620E28EB}.Debug|Any CPU.ActiveCfg = Debug|Any CPU
		{D5996342-B476-4036-AEC9-478C620E28EB}.Debug|Any CPU.Build.0 = Debug|Any CPU
		{D5996342-B476-4036-AEC9-478C620E28EB}.Debug|x64.ActiveCfg = Debug|Any CPU
		{D5996342-B476-4036-AEC9-478C620E28EB}.Debug|x64.Build.0 = Debug|Any CPU
		{D5996342-B476-4036-AEC9-478C620E28EB}.Debug|x86.ActiveCfg = Debug|Any CPU
		{D5996342-B476-4036-AEC9-478C620E28EB}.Debug|x86.Build.0 = Debug|Any CPU
		{D5996342-B476-4036-AEC9-478C620E28EB}.Release|Any CPU.ActiveCfg = Release|Any CPU
		{D5996342-B476-4036-AEC9-478C620E28EB}.Release|Any CPU.Build.0 = Release|Any CPU
		{D5996342-B476-4036-AEC9-478C620E28EB}.Release|x64.ActiveCfg = Release|Any CPU
		{D5996342-B476-4036-AEC9-478C620E28EB}.Release|x64.Build.0 = Release|Any CPU
		{D5996342-B476-4036-AEC9-478C620E28EB}.Release|x86.ActiveCfg = Release|Any CPU
		{D5996342-B476-4036-AEC9-478C620E28EB}.Release|x86.Build.0 = Release|Any CPU
		{8E414D76-242D-4178-8087-951276F088C2}.Debug|Any CPU.ActiveCfg = Debug|Any CPU
		{8E414D76-242D-4178-8087-951276F088C2}.Debug|Any CPU.Build.0 = Debug|Any CPU
		{8E414D76-242D-4178-8087-951276F088C2}.Debug|x64.ActiveCfg = Debug|Any CPU
		{8E414D76-242D-4178-8087-951276F088C2}.Debug|x64.Build.0 = Debug|Any CPU
		{8E414D76-242D-4178-8087-951276F088C2}.Debug|x86.ActiveCfg = Debug|Any CPU
		{8E414D76-242D-4178-8087-951276F088C2}.Debug|x86.Build.0 = Debug|Any CPU
		{8E414D76-242D-4178-8087-951276F088C2}.Release|Any CPU.ActiveCfg = Release|Any CPU
		{8E414D76-242D-4178-8087-951276F088C2}.Release|Any CPU.Build.0 = Release|Any CPU
		{8E414D76-242D-4178-8087-951276F088C2}.Release|x64.ActiveCfg = Release|Any CPU
		{8E414D76-242D-4178-8087-951276F088C2}.Release|x64.Build.0 = Release|Any CPU
		{8E414D76-242D-4178-8087-951276F088C2}.Release|x86.ActiveCfg = Release|Any CPU
		{8E414D76-242D-4178-8087-951276F088C2}.Release|x86.Build.0 = Release|Any CPU
		{BBD7C933-041B-4CE3-809B-3BAA8DC4B46C}.Debug|Any CPU.ActiveCfg = Debug|Any CPU
		{BBD7C933-041B-4CE3-809B-3BAA8DC4B46C}.Debug|Any CPU.Build.0 = Debug|Any CPU
		{BBD7C933-041B-4CE3-809B-3BAA8DC4B46C}.Debug|x64.ActiveCfg = Debug|Any CPU
		{BBD7C933-041B-4CE3-809B-3BAA8DC4B46C}.Debug|x64.Build.0 = Debug|Any CPU
		{BBD7C933-041B-4CE3-809B-3BAA8DC4B46C}.Debug|x86.ActiveCfg = Debug|Any CPU
		{BBD7C933-041B-4CE3-809B-3BAA8DC4B46C}.Debug|x86.Build.0 = Debug|Any CPU
		{BBD7C933-041B-4CE3-809B-3BAA8DC4B46C}.Release|Any CPU.ActiveCfg = Release|Any CPU
		{BBD7C933-041B-4CE3-809B-3BAA8DC4B46C}.Release|Any CPU.Build.0 = Release|Any CPU
		{BBD7C933-041B-4CE3-809B-3BAA8DC4B46C}.Release|x64.ActiveCfg = Release|Any CPU
		{BBD7C933-041B-4CE3-809B-3BAA8DC4B46C}.Release|x64.Build.0 = Release|Any CPU
		{BBD7C933-041B-4CE3-809B-3BAA8DC4B46C}.Release|x86.ActiveCfg = Release|Any CPU
		{BBD7C933-041B-4CE3-809B-3BAA8DC4B46C}.Release|x86.Build.0 = Release|Any CPU
		{453C170F-A637-4A53-A939-0F38199715B8}.Debug|Any CPU.ActiveCfg = Debug|Any CPU
		{453C170F-A637-4A53-A939-0F38199715B8}.Debug|Any CPU.Build.0 = Debug|Any CPU
		{453C170F-A637-4A53-A939-0F38199715B8}.Debug|x64.ActiveCfg = Debug|Any CPU
		{453C170F-A637-4A53-A939-0F38199715B8}.Debug|x64.Build.0 = Debug|Any CPU
		{453C170F-A637-4A53-A939-0F38199715B8}.Debug|x86.ActiveCfg = Debug|Any CPU
		{453C170F-A637-4A53-A939-0F38199715B8}.Debug|x86.Build.0 = Debug|Any CPU
		{453C170F-A637-4A53-A939-0F38199715B8}.Release|Any CPU.ActiveCfg = Release|Any CPU
		{453C170F-A637-4A53-A939-0F38199715B8}.Release|Any CPU.Build.0 = Release|Any CPU
		{453C170F-A637-4A53-A939-0F38199715B8}.Release|x64.ActiveCfg = Release|Any CPU
		{453C170F-A637-4A53-A939-0F38199715B8}.Release|x64.Build.0 = Release|Any CPU
		{453C170F-A637-4A53-A939-0F38199715B8}.Release|x86.ActiveCfg = Release|Any CPU
		{453C170F-A637-4A53-A939-0F38199715B8}.Release|x86.Build.0 = Release|Any CPU
		{3E8932D2-723D-4F02-98CB-9AB4DD29C474}.Debug|Any CPU.ActiveCfg = Debug|Any CPU
		{3E8932D2-723D-4F02-98CB-9AB4DD29C474}.Debug|Any CPU.Build.0 = Debug|Any CPU
		{3E8932D2-723D-4F02-98CB-9AB4DD29C474}.Debug|x64.ActiveCfg = Debug|Any CPU
		{3E8932D2-723D-4F02-98CB-9AB4DD29C474}.Debug|x64.Build.0 = Debug|Any CPU
		{3E8932D2-723D-4F02-98CB-9AB4DD29C474}.Debug|x86.ActiveCfg = Debug|Any CPU
		{3E8932D2-723D-4F02-98CB-9AB4DD29C474}.Debug|x86.Build.0 = Debug|Any CPU
		{3E8932D2-723D-4F02-98CB-9AB4DD29C474}.Release|Any CPU.ActiveCfg = Release|Any CPU
		{3E8932D2-723D-4F02-98CB-9AB4DD29C474}.Release|Any CPU.Build.0 = Release|Any CPU
		{3E8932D2-723D-4F02-98CB-9AB4DD29C474}.Release|x64.ActiveCfg = Release|Any CPU
		{3E8932D2-723D-4F02-98CB-9AB4DD29C474}.Release|x64.Build.0 = Release|Any CPU
		{3E8932D2-723D-4F02-98CB-9AB4DD29C474}.Release|x86.ActiveCfg = Release|Any CPU
		{3E8932D2-723D-4F02-98CB-9AB4DD29C474}.Release|x86.Build.0 = Release|Any CPU
		{DDB157AA-71F5-4FCD-98F7-D8285978CF39}.Debug|Any CPU.ActiveCfg = Debug|Any CPU
		{DDB157AA-71F5-4FCD-98F7-D8285978CF39}.Debug|Any CPU.Build.0 = Debug|Any CPU
		{DDB157AA-71F5-4FCD-98F7-D8285978CF39}.Debug|x64.ActiveCfg = Debug|Any CPU
		{DDB157AA-71F5-4FCD-98F7-D8285978CF39}.Debug|x64.Build.0 = Debug|Any CPU
		{DDB157AA-71F5-4FCD-98F7-D8285978CF39}.Debug|x86.ActiveCfg = Debug|Any CPU
		{DDB157AA-71F5-4FCD-98F7-D8285978CF39}.Debug|x86.Build.0 = Debug|Any CPU
		{DDB157AA-71F5-4FCD-98F7-D8285978CF39}.Release|Any CPU.ActiveCfg = Release|Any CPU
		{DDB157AA-71F5-4FCD-98F7-D8285978CF39}.Release|Any CPU.Build.0 = Release|Any CPU
		{DDB157AA-71F5-4FCD-98F7-D8285978CF39}.Release|x64.ActiveCfg = Release|Any CPU
		{DDB157AA-71F5-4FCD-98F7-D8285978CF39}.Release|x64.Build.0 = Release|Any CPU
		{DDB157AA-71F5-4FCD-98F7-D8285978CF39}.Release|x86.ActiveCfg = Release|Any CPU
		{DDB157AA-71F5-4FCD-98F7-D8285978CF39}.Release|x86.Build.0 = Release|Any CPU
		{52769C3E-9C1B-4662-97F2-C301AC1125F4}.Debug|Any CPU.ActiveCfg = Debug|Any CPU
		{52769C3E-9C1B-4662-97F2-C301AC1125F4}.Debug|Any CPU.Build.0 = Debug|Any CPU
		{52769C3E-9C1B-4662-97F2-C301AC1125F4}.Debug|x64.ActiveCfg = Debug|Any CPU
		{52769C3E-9C1B-4662-97F2-C301AC1125F4}.Debug|x64.Build.0 = Debug|Any CPU
		{52769C3E-9C1B-4662-97F2-C301AC1125F4}.Debug|x86.ActiveCfg = Debug|Any CPU
		{52769C3E-9C1B-4662-97F2-C301AC1125F4}.Debug|x86.Build.0 = Debug|Any CPU
		{52769C3E-9C1B-4662-97F2-C301AC1125F4}.Release|Any CPU.ActiveCfg = Release|Any CPU
		{52769C3E-9C1B-4662-97F2-C301AC1125F4}.Release|Any CPU.Build.0 = Release|Any CPU
		{52769C3E-9C1B-4662-97F2-C301AC1125F4}.Release|x64.ActiveCfg = Release|Any CPU
		{52769C3E-9C1B-4662-97F2-C301AC1125F4}.Release|x64.Build.0 = Release|Any CPU
		{52769C3E-9C1B-4662-97F2-C301AC1125F4}.Release|x86.ActiveCfg = Release|Any CPU
		{52769C3E-9C1B-4662-97F2-C301AC1125F4}.Release|x86.Build.0 = Release|Any CPU
		{6C692997-C15B-4E43-880E-55D481C32BFC}.Debug|Any CPU.ActiveCfg = Debug|Any CPU
		{6C692997-C15B-4E43-880E-55D481C32BFC}.Debug|Any CPU.Build.0 = Debug|Any CPU
		{6C692997-C15B-4E43-880E-55D481C32BFC}.Debug|x64.ActiveCfg = Debug|Any CPU
		{6C692997-C15B-4E43-880E-55D481C32BFC}.Debug|x64.Build.0 = Debug|Any CPU
		{6C692997-C15B-4E43-880E-55D481C32BFC}.Debug|x86.ActiveCfg = Debug|Any CPU
		{6C692997-C15B-4E43-880E-55D481C32BFC}.Debug|x86.Build.0 = Debug|Any CPU
		{6C692997-C15B-4E43-880E-55D481C32BFC}.Release|Any CPU.ActiveCfg = Release|Any CPU
		{6C692997-C15B-4E43-880E-55D481C32BFC}.Release|Any CPU.Build.0 = Release|Any CPU
		{6C692997-C15B-4E43-880E-55D481C32BFC}.Release|x64.ActiveCfg = Release|Any CPU
		{6C692997-C15B-4E43-880E-55D481C32BFC}.Release|x64.Build.0 = Release|Any CPU
		{6C692997-C15B-4E43-880E-55D481C32BFC}.Release|x86.ActiveCfg = Release|Any CPU
		{6C692997-C15B-4E43-880E-55D481C32BFC}.Release|x86.Build.0 = Release|Any CPU
		{98F2FE88-0DAA-497A-A5E6-52B3133A11A9}.Debug|Any CPU.ActiveCfg = Debug|Any CPU
		{98F2FE88-0DAA-497A-A5E6-52B3133A11A9}.Debug|Any CPU.Build.0 = Debug|Any CPU
		{98F2FE88-0DAA-497A-A5E6-52B3133A11A9}.Debug|x64.ActiveCfg = Debug|Any CPU
		{98F2FE88-0DAA-497A-A5E6-52B3133A11A9}.Debug|x64.Build.0 = Debug|Any CPU
		{98F2FE88-0DAA-497A-A5E6-52B3133A11A9}.Debug|x86.ActiveCfg = Debug|Any CPU
		{98F2FE88-0DAA-497A-A5E6-52B3133A11A9}.Debug|x86.Build.0 = Debug|Any CPU
		{98F2FE88-0DAA-497A-A5E6-52B3133A11A9}.Release|Any CPU.ActiveCfg = Release|Any CPU
		{98F2FE88-0DAA-497A-A5E6-52B3133A11A9}.Release|Any CPU.Build.0 = Release|Any CPU
		{98F2FE88-0DAA-497A-A5E6-52B3133A11A9}.Release|x64.ActiveCfg = Release|Any CPU
		{98F2FE88-0DAA-497A-A5E6-52B3133A11A9}.Release|x64.Build.0 = Release|Any CPU
		{98F2FE88-0DAA-497A-A5E6-52B3133A11A9}.Release|x86.ActiveCfg = Release|Any CPU
		{98F2FE88-0DAA-497A-A5E6-52B3133A11A9}.Release|x86.Build.0 = Release|Any CPU
		{74451D7D-7159-4450-B13D-1D31D97B9A9C}.Debug|Any CPU.ActiveCfg = Debug|Any CPU
		{74451D7D-7159-4450-B13D-1D31D97B9A9C}.Debug|Any CPU.Build.0 = Debug|Any CPU
		{74451D7D-7159-4450-B13D-1D31D97B9A9C}.Debug|x64.ActiveCfg = Debug|Any CPU
		{74451D7D-7159-4450-B13D-1D31D97B9A9C}.Debug|x64.Build.0 = Debug|Any CPU
		{74451D7D-7159-4450-B13D-1D31D97B9A9C}.Debug|x86.ActiveCfg = Debug|Any CPU
		{74451D7D-7159-4450-B13D-1D31D97B9A9C}.Debug|x86.Build.0 = Debug|Any CPU
		{74451D7D-7159-4450-B13D-1D31D97B9A9C}.Release|Any CPU.ActiveCfg = Release|Any CPU
		{74451D7D-7159-4450-B13D-1D31D97B9A9C}.Release|Any CPU.Build.0 = Release|Any CPU
		{74451D7D-7159-4450-B13D-1D31D97B9A9C}.Release|x64.ActiveCfg = Release|Any CPU
		{74451D7D-7159-4450-B13D-1D31D97B9A9C}.Release|x64.Build.0 = Release|Any CPU
		{74451D7D-7159-4450-B13D-1D31D97B9A9C}.Release|x86.ActiveCfg = Release|Any CPU
		{74451D7D-7159-4450-B13D-1D31D97B9A9C}.Release|x86.Build.0 = Release|Any CPU
		{EDD1E1EC-D748-431B-8F02-5E36385364F4}.Debug|Any CPU.ActiveCfg = Debug|Any CPU
		{EDD1E1EC-D748-431B-8F02-5E36385364F4}.Debug|Any CPU.Build.0 = Debug|Any CPU
		{EDD1E1EC-D748-431B-8F02-5E36385364F4}.Debug|x64.ActiveCfg = Debug|Any CPU
		{EDD1E1EC-D748-431B-8F02-5E36385364F4}.Debug|x64.Build.0 = Debug|Any CPU
		{EDD1E1EC-D748-431B-8F02-5E36385364F4}.Debug|x86.ActiveCfg = Debug|Any CPU
		{EDD1E1EC-D748-431B-8F02-5E36385364F4}.Debug|x86.Build.0 = Debug|Any CPU
		{EDD1E1EC-D748-431B-8F02-5E36385364F4}.Release|Any CPU.ActiveCfg = Release|Any CPU
		{EDD1E1EC-D748-431B-8F02-5E36385364F4}.Release|Any CPU.Build.0 = Release|Any CPU
		{EDD1E1EC-D748-431B-8F02-5E36385364F4}.Release|x64.ActiveCfg = Release|Any CPU
		{EDD1E1EC-D748-431B-8F02-5E36385364F4}.Release|x64.Build.0 = Release|Any CPU
		{EDD1E1EC-D748-431B-8F02-5E36385364F4}.Release|x86.ActiveCfg = Release|Any CPU
		{EDD1E1EC-D748-431B-8F02-5E36385364F4}.Release|x86.Build.0 = Release|Any CPU
		{74B1C681-C43D-4B38-B4AA-BC469E53690F}.Debug|Any CPU.ActiveCfg = Debug|Any CPU
		{74B1C681-C43D-4B38-B4AA-BC469E53690F}.Debug|Any CPU.Build.0 = Debug|Any CPU
		{74B1C681-C43D-4B38-B4AA-BC469E53690F}.Debug|x64.ActiveCfg = Debug|Any CPU
		{74B1C681-C43D-4B38-B4AA-BC469E53690F}.Debug|x64.Build.0 = Debug|Any CPU
		{74B1C681-C43D-4B38-B4AA-BC469E53690F}.Debug|x86.ActiveCfg = Debug|Any CPU
		{74B1C681-C43D-4B38-B4AA-BC469E53690F}.Debug|x86.Build.0 = Debug|Any CPU
		{74B1C681-C43D-4B38-B4AA-BC469E53690F}.Release|Any CPU.ActiveCfg = Release|Any CPU
		{74B1C681-C43D-4B38-B4AA-BC469E53690F}.Release|Any CPU.Build.0 = Release|Any CPU
		{74B1C681-C43D-4B38-B4AA-BC469E53690F}.Release|x64.ActiveCfg = Release|Any CPU
		{74B1C681-C43D-4B38-B4AA-BC469E53690F}.Release|x64.Build.0 = Release|Any CPU
		{74B1C681-C43D-4B38-B4AA-BC469E53690F}.Release|x86.ActiveCfg = Release|Any CPU
		{74B1C681-C43D-4B38-B4AA-BC469E53690F}.Release|x86.Build.0 = Release|Any CPU
		{593D07B1-99BB-4307-9E10-0CB2D3B6227C}.Debug|Any CPU.ActiveCfg = Debug|Any CPU
		{593D07B1-99BB-4307-9E10-0CB2D3B6227C}.Debug|Any CPU.Build.0 = Debug|Any CPU
		{593D07B1-99BB-4307-9E10-0CB2D3B6227C}.Debug|x64.ActiveCfg = Debug|Any CPU
		{593D07B1-99BB-4307-9E10-0CB2D3B6227C}.Debug|x64.Build.0 = Debug|Any CPU
		{593D07B1-99BB-4307-9E10-0CB2D3B6227C}.Debug|x86.ActiveCfg = Debug|Any CPU
		{593D07B1-99BB-4307-9E10-0CB2D3B6227C}.Debug|x86.Build.0 = Debug|Any CPU
		{593D07B1-99BB-4307-9E10-0CB2D3B6227C}.Release|Any CPU.ActiveCfg = Release|Any CPU
		{593D07B1-99BB-4307-9E10-0CB2D3B6227C}.Release|Any CPU.Build.0 = Release|Any CPU
		{593D07B1-99BB-4307-9E10-0CB2D3B6227C}.Release|x64.ActiveCfg = Release|Any CPU
		{593D07B1-99BB-4307-9E10-0CB2D3B6227C}.Release|x64.Build.0 = Release|Any CPU
		{593D07B1-99BB-4307-9E10-0CB2D3B6227C}.Release|x86.ActiveCfg = Release|Any CPU
		{593D07B1-99BB-4307-9E10-0CB2D3B6227C}.Release|x86.Build.0 = Release|Any CPU
		{F0C7C800-ED73-49ED-9835-D4BD8D30198E}.Debug|Any CPU.ActiveCfg = Debug|Any CPU
		{F0C7C800-ED73-49ED-9835-D4BD8D30198E}.Debug|Any CPU.Build.0 = Debug|Any CPU
		{F0C7C800-ED73-49ED-9835-D4BD8D30198E}.Debug|x64.ActiveCfg = Debug|Any CPU
		{F0C7C800-ED73-49ED-9835-D4BD8D30198E}.Debug|x64.Build.0 = Debug|Any CPU
		{F0C7C800-ED73-49ED-9835-D4BD8D30198E}.Debug|x86.ActiveCfg = Debug|Any CPU
		{F0C7C800-ED73-49ED-9835-D4BD8D30198E}.Debug|x86.Build.0 = Debug|Any CPU
		{F0C7C800-ED73-49ED-9835-D4BD8D30198E}.Release|Any CPU.ActiveCfg = Release|Any CPU
		{F0C7C800-ED73-49ED-9835-D4BD8D30198E}.Release|Any CPU.Build.0 = Release|Any CPU
		{F0C7C800-ED73-49ED-9835-D4BD8D30198E}.Release|x64.ActiveCfg = Release|Any CPU
		{F0C7C800-ED73-49ED-9835-D4BD8D30198E}.Release|x64.Build.0 = Release|Any CPU
		{F0C7C800-ED73-49ED-9835-D4BD8D30198E}.Release|x86.ActiveCfg = Release|Any CPU
		{F0C7C800-ED73-49ED-9835-D4BD8D30198E}.Release|x86.Build.0 = Release|Any CPU
		{437AB7C0-4374-4561-A6F4-08628A721038}.Debug|Any CPU.ActiveCfg = Debug|Any CPU
		{437AB7C0-4374-4561-A6F4-08628A721038}.Debug|Any CPU.Build.0 = Debug|Any CPU
		{437AB7C0-4374-4561-A6F4-08628A721038}.Debug|x64.ActiveCfg = Debug|Any CPU
		{437AB7C0-4374-4561-A6F4-08628A721038}.Debug|x64.Build.0 = Debug|Any CPU
		{437AB7C0-4374-4561-A6F4-08628A721038}.Debug|x86.ActiveCfg = Debug|Any CPU
		{437AB7C0-4374-4561-A6F4-08628A721038}.Debug|x86.Build.0 = Debug|Any CPU
		{437AB7C0-4374-4561-A6F4-08628A721038}.Release|Any CPU.ActiveCfg = Release|Any CPU
		{437AB7C0-4374-4561-A6F4-08628A721038}.Release|Any CPU.Build.0 = Release|Any CPU
		{437AB7C0-4374-4561-A6F4-08628A721038}.Release|x64.ActiveCfg = Release|Any CPU
		{437AB7C0-4374-4561-A6F4-08628A721038}.Release|x64.Build.0 = Release|Any CPU
		{437AB7C0-4374-4561-A6F4-08628A721038}.Release|x86.ActiveCfg = Release|Any CPU
		{437AB7C0-4374-4561-A6F4-08628A721038}.Release|x86.Build.0 = Release|Any CPU
		{894F1EAC-4815-4B88-849A-BE09AC01426F}.Debug|Any CPU.ActiveCfg = Debug|Any CPU
		{894F1EAC-4815-4B88-849A-BE09AC01426F}.Debug|Any CPU.Build.0 = Debug|Any CPU
		{894F1EAC-4815-4B88-849A-BE09AC01426F}.Debug|x64.ActiveCfg = Debug|Any CPU
		{894F1EAC-4815-4B88-849A-BE09AC01426F}.Debug|x64.Build.0 = Debug|Any CPU
		{894F1EAC-4815-4B88-849A-BE09AC01426F}.Debug|x86.ActiveCfg = Debug|Any CPU
		{894F1EAC-4815-4B88-849A-BE09AC01426F}.Debug|x86.Build.0 = Debug|Any CPU
		{894F1EAC-4815-4B88-849A-BE09AC01426F}.Release|Any CPU.ActiveCfg = Release|Any CPU
		{894F1EAC-4815-4B88-849A-BE09AC01426F}.Release|Any CPU.Build.0 = Release|Any CPU
		{894F1EAC-4815-4B88-849A-BE09AC01426F}.Release|x64.ActiveCfg = Release|Any CPU
		{894F1EAC-4815-4B88-849A-BE09AC01426F}.Release|x64.Build.0 = Release|Any CPU
		{894F1EAC-4815-4B88-849A-BE09AC01426F}.Release|x86.ActiveCfg = Release|Any CPU
		{894F1EAC-4815-4B88-849A-BE09AC01426F}.Release|x86.Build.0 = Release|Any CPU
		{AA9DA7EB-9DEA-4AA4-B252-6E00A50F9D80}.Debug|Any CPU.ActiveCfg = Debug|Any CPU
		{AA9DA7EB-9DEA-4AA4-B252-6E00A50F9D80}.Debug|Any CPU.Build.0 = Debug|Any CPU
		{AA9DA7EB-9DEA-4AA4-B252-6E00A50F9D80}.Debug|x64.ActiveCfg = Debug|Any CPU
		{AA9DA7EB-9DEA-4AA4-B252-6E00A50F9D80}.Debug|x64.Build.0 = Debug|Any CPU
		{AA9DA7EB-9DEA-4AA4-B252-6E00A50F9D80}.Debug|x86.ActiveCfg = Debug|Any CPU
		{AA9DA7EB-9DEA-4AA4-B252-6E00A50F9D80}.Debug|x86.Build.0 = Debug|Any CPU
		{AA9DA7EB-9DEA-4AA4-B252-6E00A50F9D80}.Release|Any CPU.ActiveCfg = Release|Any CPU
		{AA9DA7EB-9DEA-4AA4-B252-6E00A50F9D80}.Release|Any CPU.Build.0 = Release|Any CPU
		{AA9DA7EB-9DEA-4AA4-B252-6E00A50F9D80}.Release|x64.ActiveCfg = Release|Any CPU
		{AA9DA7EB-9DEA-4AA4-B252-6E00A50F9D80}.Release|x64.Build.0 = Release|Any CPU
		{AA9DA7EB-9DEA-4AA4-B252-6E00A50F9D80}.Release|x86.ActiveCfg = Release|Any CPU
		{AA9DA7EB-9DEA-4AA4-B252-6E00A50F9D80}.Release|x86.Build.0 = Release|Any CPU
		{2B0ACA4A-11D4-4B1D-A3E2-267565619CAD}.Debug|Any CPU.ActiveCfg = Debug|Any CPU
		{2B0ACA4A-11D4-4B1D-A3E2-267565619CAD}.Debug|Any CPU.Build.0 = Debug|Any CPU
		{2B0ACA4A-11D4-4B1D-A3E2-267565619CAD}.Debug|x64.ActiveCfg = Debug|Any CPU
		{2B0ACA4A-11D4-4B1D-A3E2-267565619CAD}.Debug|x64.Build.0 = Debug|Any CPU
		{2B0ACA4A-11D4-4B1D-A3E2-267565619CAD}.Debug|x86.ActiveCfg = Debug|Any CPU
		{2B0ACA4A-11D4-4B1D-A3E2-267565619CAD}.Debug|x86.Build.0 = Debug|Any CPU
		{2B0ACA4A-11D4-4B1D-A3E2-267565619CAD}.Release|Any CPU.ActiveCfg = Release|Any CPU
		{2B0ACA4A-11D4-4B1D-A3E2-267565619CAD}.Release|Any CPU.Build.0 = Release|Any CPU
		{2B0ACA4A-11D4-4B1D-A3E2-267565619CAD}.Release|x64.ActiveCfg = Release|Any CPU
		{2B0ACA4A-11D4-4B1D-A3E2-267565619CAD}.Release|x64.Build.0 = Release|Any CPU
		{2B0ACA4A-11D4-4B1D-A3E2-267565619CAD}.Release|x86.ActiveCfg = Release|Any CPU
		{2B0ACA4A-11D4-4B1D-A3E2-267565619CAD}.Release|x86.Build.0 = Release|Any CPU
		{068B311B-7B55-44C0-A2B8-F4632C29639D}.Debug|Any CPU.ActiveCfg = Debug|Any CPU
		{068B311B-7B55-44C0-A2B8-F4632C29639D}.Debug|Any CPU.Build.0 = Debug|Any CPU
		{068B311B-7B55-44C0-A2B8-F4632C29639D}.Debug|x64.ActiveCfg = Debug|Any CPU
		{068B311B-7B55-44C0-A2B8-F4632C29639D}.Debug|x64.Build.0 = Debug|Any CPU
		{068B311B-7B55-44C0-A2B8-F4632C29639D}.Debug|x86.ActiveCfg = Debug|Any CPU
		{068B311B-7B55-44C0-A2B8-F4632C29639D}.Debug|x86.Build.0 = Debug|Any CPU
		{068B311B-7B55-44C0-A2B8-F4632C29639D}.Release|Any CPU.ActiveCfg = Release|Any CPU
		{068B311B-7B55-44C0-A2B8-F4632C29639D}.Release|Any CPU.Build.0 = Release|Any CPU
		{068B311B-7B55-44C0-A2B8-F4632C29639D}.Release|x64.ActiveCfg = Release|Any CPU
		{068B311B-7B55-44C0-A2B8-F4632C29639D}.Release|x64.Build.0 = Release|Any CPU
		{068B311B-7B55-44C0-A2B8-F4632C29639D}.Release|x86.ActiveCfg = Release|Any CPU
		{068B311B-7B55-44C0-A2B8-F4632C29639D}.Release|x86.Build.0 = Release|Any CPU
	EndGlobalSection
	GlobalSection(NestedProjects) = preSolution
		{0E399D53-DA83-48CD-BC1F-AD8B5027875F} = {F02DF920-7E63-4C4B-8494-8D98C34E27EF}
		{C97536E8-B7FF-444E-A2E1-FFD5061FD8D0} = {F02DF920-7E63-4C4B-8494-8D98C34E27EF}
		{D5996342-B476-4036-AEC9-478C620E28EB} = {4A67BEB1-4496-4C90-96C2-4D6E518C84C5}
		{8E414D76-242D-4178-8087-951276F088C2} = {4A67BEB1-4496-4C90-96C2-4D6E518C84C5}
		{BBD7C933-041B-4CE3-809B-3BAA8DC4B46C} = {22418224-6C53-4187-A7FE-BDB8C1763764}
		{453C170F-A637-4A53-A939-0F38199715B8} = {22418224-6C53-4187-A7FE-BDB8C1763764}
		{3E8932D2-723D-4F02-98CB-9AB4DD29C474} = {22418224-6C53-4187-A7FE-BDB8C1763764}
		{DDB157AA-71F5-4FCD-98F7-D8285978CF39} = {22418224-6C53-4187-A7FE-BDB8C1763764}
		{52769C3E-9C1B-4662-97F2-C301AC1125F4} = {22418224-6C53-4187-A7FE-BDB8C1763764}
		{6C692997-C15B-4E43-880E-55D481C32BFC} = {22418224-6C53-4187-A7FE-BDB8C1763764}
		{98F2FE88-0DAA-497A-A5E6-52B3133A11A9} = {22418224-6C53-4187-A7FE-BDB8C1763764}
		{74451D7D-7159-4450-B13D-1D31D97B9A9C} = {22418224-6C53-4187-A7FE-BDB8C1763764}
		{EDD1E1EC-D748-431B-8F02-5E36385364F4} = {0A8AD18D-38F8-406B-B97D-7E5077662953}
		{74B1C681-C43D-4B38-B4AA-BC469E53690F} = {0A8AD18D-38F8-406B-B97D-7E5077662953}
		{593D07B1-99BB-4307-9E10-0CB2D3B6227C} = {22418224-6C53-4187-A7FE-BDB8C1763764}
		{F0C7C800-ED73-49ED-9835-D4BD8D30198E} = {F02DF920-7E63-4C4B-8494-8D98C34E27EF}
		{437AB7C0-4374-4561-A6F4-08628A721038} = {F02DF920-7E63-4C4B-8494-8D98C34E27EF}
		{9A48B407-5649-44A1-9433-04CCD42F48E5} = {8E6E3E7B-EF5C-4AEB-919B-FED3DB5F3A73}
		{257B583D-D4AC-4E78-B010-E1442BA778BF} = {9A48B407-5649-44A1-9433-04CCD42F48E5}
		{894F1EAC-4815-4B88-849A-BE09AC01426F} = {E1103442-E3E5-43AE-B5B5-9F1965309E24}
		{AA9DA7EB-9DEA-4AA4-B252-6E00A50F9D80} = {F02DF920-7E63-4C4B-8494-8D98C34E27EF}
		{2B0ACA4A-11D4-4B1D-A3E2-267565619CAD} = {E1103442-E3E5-43AE-B5B5-9F1965309E24}
		{068B311B-7B55-44C0-A2B8-F4632C29639D} = {F02DF920-7E63-4C4B-8494-8D98C34E27EF}
	EndGlobalSection
EndGlobal
