
Microsoft Visual Studio Solution File, Format Version 12.00
# Visual Studio 15
VisualStudioVersion = 15.0.26124.0
MinimumVisualStudioVersion = 15.0.26124.0
Project("{2150E333-8FDC-42A3-9474-1A3956D46DE8}") = "Source", "Source", "{F13E68D4-3C00-4859-B8DF-C7AC5C463C27}"
EndProject
Project("{FAE04EC0-301F-11D3-BF4B-00C04F79EFBC}") = "Artifacts", "Source\Artifacts\Artifacts.csproj", "{D8131430-E3B8-4894-80CA-0FC6797B86A4}"
EndProject
Project("{FAE04EC0-301F-11D3-BF4B-00C04F79EFBC}") = "Concepts", "Source\Concepts\Concepts.csproj", "{3EB31D95-B7B1-4C3D-8175-B210DB7FED36}"
EndProject
Project("{FAE04EC0-301F-11D3-BF4B-00C04F79EFBC}") = "EventHorizon", "Source\EventHorizon\EventHorizon.csproj", "{9832BEDC-798F-40EB-A620-DD1E04A6B5FA}"
EndProject
Project("{FAE04EC0-301F-11D3-BF4B-00C04F79EFBC}") = "Events", "Source\Events\Events.csproj", "{E56BBF61-8A63-4E1B-8367-BD0B43D2C5DB}"
EndProject
Project("{FAE04EC0-301F-11D3-BF4B-00C04F79EFBC}") = "Events.Filters", "Source\Events.Filters\Events.Filters.csproj", "{072ED1AB-26F9-4B03-8247-BC0F0ADBE2C3}"
EndProject
Project("{FAE04EC0-301F-11D3-BF4B-00C04F79EFBC}") = "Events.Handling", "Source\Events.Handling\Events.Handling.csproj", "{50DB85C1-B784-4C31-8055-DB3D84A4FD29}"
EndProject
Project("{FAE04EC0-301F-11D3-BF4B-00C04F79EFBC}") = "Events.Processing", "Source\Events.Processing\Events.Processing.csproj", "{EE0FFEF9-54F4-409B-8232-220684C852FF}"
EndProject
Project("{FAE04EC0-301F-11D3-BF4B-00C04F79EFBC}") = "Execution", "Source\Execution\Execution.csproj", "{4684FCEA-CB08-43EB-A9B3-94CBCD9C8E36}"
EndProject
Project("{FAE04EC0-301F-11D3-BF4B-00C04F79EFBC}") = "Microservices", "Source\Microservices\Microservices.csproj", "{70AD4DD6-F2C4-4D40-949C-76B805C284E2}"
EndProject
Project("{FAE04EC0-301F-11D3-BF4B-00C04F79EFBC}") = "Protobuf", "Source\Protobuf\Protobuf.csproj", "{BF3FAD84-F83E-4E37-B6A1-88B9323153BF}"
EndProject
Project("{FAE04EC0-301F-11D3-BF4B-00C04F79EFBC}") = "SDK", "Source\SDK\SDK.csproj", "{C80596CE-EE9C-4F6B-8B79-1A2CEAE34B30}"
EndProject
Project("{FAE04EC0-301F-11D3-BF4B-00C04F79EFBC}") = "Security", "Source\Security\Security.csproj", "{FB0777DE-8D1B-4F12-A762-3C0C995BE939}"
EndProject
Project("{FAE04EC0-301F-11D3-BF4B-00C04F79EFBC}") = "Services", "Source\Services\Services.csproj", "{29409B5E-4E16-4CF7-B2DE-7450F7808A2A}"
EndProject
Project("{FAE04EC0-301F-11D3-BF4B-00C04F79EFBC}") = "Tenancy", "Source\Tenancy\Tenancy.csproj", "{1E141DA9-3EA4-4244-B6DA-66763F27ABD4}"
EndProject
Project("{2150E333-8FDC-42A3-9474-1A3956D46DE8}") = "Specifications", "Specifications", "{8E278CEB-500A-4917-863B-3002FA23D65A}"
EndProject
Project("{FAE04EC0-301F-11D3-BF4B-00C04F79EFBC}") = "Artifacts", "Specifications\Artifacts\Artifacts.csproj", "{BC2A044B-AE95-4B0F-B61E-0240763FC47C}"
EndProject
Project("{FAE04EC0-301F-11D3-BF4B-00C04F79EFBC}") = "Protobuf", "Specifications\Protobuf\Protobuf.csproj", "{E6946328-59C1-4948-AB36-CCAED85C67A3}"
EndProject
Project("{FAE04EC0-301F-11D3-BF4B-00C04F79EFBC}") = "Services", "Specifications\Services\Services.csproj", "{0C271371-1B8F-440C-8518-F8A2EAF4B137}"
EndProject
Project("{FAE04EC0-301F-11D3-BF4B-00C04F79EFBC}") = "Events.Processing", "Specifications\Events.Processing\Events.Processing.csproj", "{CA3BD88A-570E-4AA6-BC48-C118A700A83C}"
EndProject
Project("{FAE04EC0-301F-11D3-BF4B-00C04F79EFBC}") = "Async", "Source\Async\Async.csproj", "{6B788929-0672-4FA7-906F-DE244F4732B7}"
EndProject
Global
	GlobalSection(SolutionConfigurationPlatforms) = preSolution
		Debug|Any CPU = Debug|Any CPU
		Debug|x64 = Debug|x64
		Debug|x86 = Debug|x86
		Release|Any CPU = Release|Any CPU
		Release|x64 = Release|x64
		Release|x86 = Release|x86
	EndGlobalSection
	GlobalSection(SolutionProperties) = preSolution
		HideSolutionNode = FALSE
	EndGlobalSection
	GlobalSection(ProjectConfigurationPlatforms) = postSolution
		{D8131430-E3B8-4894-80CA-0FC6797B86A4}.Debug|Any CPU.ActiveCfg = Debug|Any CPU
		{D8131430-E3B8-4894-80CA-0FC6797B86A4}.Debug|Any CPU.Build.0 = Debug|Any CPU
		{D8131430-E3B8-4894-80CA-0FC6797B86A4}.Debug|x64.ActiveCfg = Debug|Any CPU
		{D8131430-E3B8-4894-80CA-0FC6797B86A4}.Debug|x64.Build.0 = Debug|Any CPU
		{D8131430-E3B8-4894-80CA-0FC6797B86A4}.Debug|x86.ActiveCfg = Debug|Any CPU
		{D8131430-E3B8-4894-80CA-0FC6797B86A4}.Debug|x86.Build.0 = Debug|Any CPU
		{D8131430-E3B8-4894-80CA-0FC6797B86A4}.Release|Any CPU.ActiveCfg = Release|Any CPU
		{D8131430-E3B8-4894-80CA-0FC6797B86A4}.Release|Any CPU.Build.0 = Release|Any CPU
		{D8131430-E3B8-4894-80CA-0FC6797B86A4}.Release|x64.ActiveCfg = Release|Any CPU
		{D8131430-E3B8-4894-80CA-0FC6797B86A4}.Release|x64.Build.0 = Release|Any CPU
		{D8131430-E3B8-4894-80CA-0FC6797B86A4}.Release|x86.ActiveCfg = Release|Any CPU
		{D8131430-E3B8-4894-80CA-0FC6797B86A4}.Release|x86.Build.0 = Release|Any CPU
		{3EB31D95-B7B1-4C3D-8175-B210DB7FED36}.Debug|Any CPU.ActiveCfg = Debug|Any CPU
		{3EB31D95-B7B1-4C3D-8175-B210DB7FED36}.Debug|Any CPU.Build.0 = Debug|Any CPU
		{3EB31D95-B7B1-4C3D-8175-B210DB7FED36}.Debug|x64.ActiveCfg = Debug|Any CPU
		{3EB31D95-B7B1-4C3D-8175-B210DB7FED36}.Debug|x64.Build.0 = Debug|Any CPU
		{3EB31D95-B7B1-4C3D-8175-B210DB7FED36}.Debug|x86.ActiveCfg = Debug|Any CPU
		{3EB31D95-B7B1-4C3D-8175-B210DB7FED36}.Debug|x86.Build.0 = Debug|Any CPU
		{3EB31D95-B7B1-4C3D-8175-B210DB7FED36}.Release|Any CPU.ActiveCfg = Release|Any CPU
		{3EB31D95-B7B1-4C3D-8175-B210DB7FED36}.Release|Any CPU.Build.0 = Release|Any CPU
		{3EB31D95-B7B1-4C3D-8175-B210DB7FED36}.Release|x64.ActiveCfg = Release|Any CPU
		{3EB31D95-B7B1-4C3D-8175-B210DB7FED36}.Release|x64.Build.0 = Release|Any CPU
		{3EB31D95-B7B1-4C3D-8175-B210DB7FED36}.Release|x86.ActiveCfg = Release|Any CPU
		{3EB31D95-B7B1-4C3D-8175-B210DB7FED36}.Release|x86.Build.0 = Release|Any CPU
		{9832BEDC-798F-40EB-A620-DD1E04A6B5FA}.Debug|Any CPU.ActiveCfg = Debug|Any CPU
		{9832BEDC-798F-40EB-A620-DD1E04A6B5FA}.Debug|Any CPU.Build.0 = Debug|Any CPU
		{9832BEDC-798F-40EB-A620-DD1E04A6B5FA}.Debug|x64.ActiveCfg = Debug|Any CPU
		{9832BEDC-798F-40EB-A620-DD1E04A6B5FA}.Debug|x64.Build.0 = Debug|Any CPU
		{9832BEDC-798F-40EB-A620-DD1E04A6B5FA}.Debug|x86.ActiveCfg = Debug|Any CPU
		{9832BEDC-798F-40EB-A620-DD1E04A6B5FA}.Debug|x86.Build.0 = Debug|Any CPU
		{9832BEDC-798F-40EB-A620-DD1E04A6B5FA}.Release|Any CPU.ActiveCfg = Release|Any CPU
		{9832BEDC-798F-40EB-A620-DD1E04A6B5FA}.Release|Any CPU.Build.0 = Release|Any CPU
		{9832BEDC-798F-40EB-A620-DD1E04A6B5FA}.Release|x64.ActiveCfg = Release|Any CPU
		{9832BEDC-798F-40EB-A620-DD1E04A6B5FA}.Release|x64.Build.0 = Release|Any CPU
		{9832BEDC-798F-40EB-A620-DD1E04A6B5FA}.Release|x86.ActiveCfg = Release|Any CPU
		{9832BEDC-798F-40EB-A620-DD1E04A6B5FA}.Release|x86.Build.0 = Release|Any CPU
		{E56BBF61-8A63-4E1B-8367-BD0B43D2C5DB}.Debug|Any CPU.ActiveCfg = Debug|Any CPU
		{E56BBF61-8A63-4E1B-8367-BD0B43D2C5DB}.Debug|Any CPU.Build.0 = Debug|Any CPU
		{E56BBF61-8A63-4E1B-8367-BD0B43D2C5DB}.Debug|x64.ActiveCfg = Debug|Any CPU
		{E56BBF61-8A63-4E1B-8367-BD0B43D2C5DB}.Debug|x64.Build.0 = Debug|Any CPU
		{E56BBF61-8A63-4E1B-8367-BD0B43D2C5DB}.Debug|x86.ActiveCfg = Debug|Any CPU
		{E56BBF61-8A63-4E1B-8367-BD0B43D2C5DB}.Debug|x86.Build.0 = Debug|Any CPU
		{E56BBF61-8A63-4E1B-8367-BD0B43D2C5DB}.Release|Any CPU.ActiveCfg = Release|Any CPU
		{E56BBF61-8A63-4E1B-8367-BD0B43D2C5DB}.Release|Any CPU.Build.0 = Release|Any CPU
		{E56BBF61-8A63-4E1B-8367-BD0B43D2C5DB}.Release|x64.ActiveCfg = Release|Any CPU
		{E56BBF61-8A63-4E1B-8367-BD0B43D2C5DB}.Release|x64.Build.0 = Release|Any CPU
		{E56BBF61-8A63-4E1B-8367-BD0B43D2C5DB}.Release|x86.ActiveCfg = Release|Any CPU
		{E56BBF61-8A63-4E1B-8367-BD0B43D2C5DB}.Release|x86.Build.0 = Release|Any CPU
		{072ED1AB-26F9-4B03-8247-BC0F0ADBE2C3}.Debug|Any CPU.ActiveCfg = Debug|Any CPU
		{072ED1AB-26F9-4B03-8247-BC0F0ADBE2C3}.Debug|Any CPU.Build.0 = Debug|Any CPU
		{072ED1AB-26F9-4B03-8247-BC0F0ADBE2C3}.Debug|x64.ActiveCfg = Debug|Any CPU
		{072ED1AB-26F9-4B03-8247-BC0F0ADBE2C3}.Debug|x64.Build.0 = Debug|Any CPU
		{072ED1AB-26F9-4B03-8247-BC0F0ADBE2C3}.Debug|x86.ActiveCfg = Debug|Any CPU
		{072ED1AB-26F9-4B03-8247-BC0F0ADBE2C3}.Debug|x86.Build.0 = Debug|Any CPU
		{072ED1AB-26F9-4B03-8247-BC0F0ADBE2C3}.Release|Any CPU.ActiveCfg = Release|Any CPU
		{072ED1AB-26F9-4B03-8247-BC0F0ADBE2C3}.Release|Any CPU.Build.0 = Release|Any CPU
		{072ED1AB-26F9-4B03-8247-BC0F0ADBE2C3}.Release|x64.ActiveCfg = Release|Any CPU
		{072ED1AB-26F9-4B03-8247-BC0F0ADBE2C3}.Release|x64.Build.0 = Release|Any CPU
		{072ED1AB-26F9-4B03-8247-BC0F0ADBE2C3}.Release|x86.ActiveCfg = Release|Any CPU
		{072ED1AB-26F9-4B03-8247-BC0F0ADBE2C3}.Release|x86.Build.0 = Release|Any CPU
		{50DB85C1-B784-4C31-8055-DB3D84A4FD29}.Debug|Any CPU.ActiveCfg = Debug|Any CPU
		{50DB85C1-B784-4C31-8055-DB3D84A4FD29}.Debug|Any CPU.Build.0 = Debug|Any CPU
		{50DB85C1-B784-4C31-8055-DB3D84A4FD29}.Debug|x64.ActiveCfg = Debug|Any CPU
		{50DB85C1-B784-4C31-8055-DB3D84A4FD29}.Debug|x64.Build.0 = Debug|Any CPU
		{50DB85C1-B784-4C31-8055-DB3D84A4FD29}.Debug|x86.ActiveCfg = Debug|Any CPU
		{50DB85C1-B784-4C31-8055-DB3D84A4FD29}.Debug|x86.Build.0 = Debug|Any CPU
		{50DB85C1-B784-4C31-8055-DB3D84A4FD29}.Release|Any CPU.ActiveCfg = Release|Any CPU
		{50DB85C1-B784-4C31-8055-DB3D84A4FD29}.Release|Any CPU.Build.0 = Release|Any CPU
		{50DB85C1-B784-4C31-8055-DB3D84A4FD29}.Release|x64.ActiveCfg = Release|Any CPU
		{50DB85C1-B784-4C31-8055-DB3D84A4FD29}.Release|x64.Build.0 = Release|Any CPU
		{50DB85C1-B784-4C31-8055-DB3D84A4FD29}.Release|x86.ActiveCfg = Release|Any CPU
		{50DB85C1-B784-4C31-8055-DB3D84A4FD29}.Release|x86.Build.0 = Release|Any CPU
		{EE0FFEF9-54F4-409B-8232-220684C852FF}.Debug|Any CPU.ActiveCfg = Debug|Any CPU
		{EE0FFEF9-54F4-409B-8232-220684C852FF}.Debug|Any CPU.Build.0 = Debug|Any CPU
		{EE0FFEF9-54F4-409B-8232-220684C852FF}.Debug|x64.ActiveCfg = Debug|Any CPU
		{EE0FFEF9-54F4-409B-8232-220684C852FF}.Debug|x64.Build.0 = Debug|Any CPU
		{EE0FFEF9-54F4-409B-8232-220684C852FF}.Debug|x86.ActiveCfg = Debug|Any CPU
		{EE0FFEF9-54F4-409B-8232-220684C852FF}.Debug|x86.Build.0 = Debug|Any CPU
		{EE0FFEF9-54F4-409B-8232-220684C852FF}.Release|Any CPU.ActiveCfg = Release|Any CPU
		{EE0FFEF9-54F4-409B-8232-220684C852FF}.Release|Any CPU.Build.0 = Release|Any CPU
		{EE0FFEF9-54F4-409B-8232-220684C852FF}.Release|x64.ActiveCfg = Release|Any CPU
		{EE0FFEF9-54F4-409B-8232-220684C852FF}.Release|x64.Build.0 = Release|Any CPU
		{EE0FFEF9-54F4-409B-8232-220684C852FF}.Release|x86.ActiveCfg = Release|Any CPU
		{EE0FFEF9-54F4-409B-8232-220684C852FF}.Release|x86.Build.0 = Release|Any CPU
		{4684FCEA-CB08-43EB-A9B3-94CBCD9C8E36}.Debug|Any CPU.ActiveCfg = Debug|Any CPU
		{4684FCEA-CB08-43EB-A9B3-94CBCD9C8E36}.Debug|Any CPU.Build.0 = Debug|Any CPU
		{4684FCEA-CB08-43EB-A9B3-94CBCD9C8E36}.Debug|x64.ActiveCfg = Debug|Any CPU
		{4684FCEA-CB08-43EB-A9B3-94CBCD9C8E36}.Debug|x64.Build.0 = Debug|Any CPU
		{4684FCEA-CB08-43EB-A9B3-94CBCD9C8E36}.Debug|x86.ActiveCfg = Debug|Any CPU
		{4684FCEA-CB08-43EB-A9B3-94CBCD9C8E36}.Debug|x86.Build.0 = Debug|Any CPU
		{4684FCEA-CB08-43EB-A9B3-94CBCD9C8E36}.Release|Any CPU.ActiveCfg = Release|Any CPU
		{4684FCEA-CB08-43EB-A9B3-94CBCD9C8E36}.Release|Any CPU.Build.0 = Release|Any CPU
		{4684FCEA-CB08-43EB-A9B3-94CBCD9C8E36}.Release|x64.ActiveCfg = Release|Any CPU
		{4684FCEA-CB08-43EB-A9B3-94CBCD9C8E36}.Release|x64.Build.0 = Release|Any CPU
		{4684FCEA-CB08-43EB-A9B3-94CBCD9C8E36}.Release|x86.ActiveCfg = Release|Any CPU
		{4684FCEA-CB08-43EB-A9B3-94CBCD9C8E36}.Release|x86.Build.0 = Release|Any CPU
		{70AD4DD6-F2C4-4D40-949C-76B805C284E2}.Debug|Any CPU.ActiveCfg = Debug|Any CPU
		{70AD4DD6-F2C4-4D40-949C-76B805C284E2}.Debug|Any CPU.Build.0 = Debug|Any CPU
		{70AD4DD6-F2C4-4D40-949C-76B805C284E2}.Debug|x64.ActiveCfg = Debug|Any CPU
		{70AD4DD6-F2C4-4D40-949C-76B805C284E2}.Debug|x64.Build.0 = Debug|Any CPU
		{70AD4DD6-F2C4-4D40-949C-76B805C284E2}.Debug|x86.ActiveCfg = Debug|Any CPU
		{70AD4DD6-F2C4-4D40-949C-76B805C284E2}.Debug|x86.Build.0 = Debug|Any CPU
		{70AD4DD6-F2C4-4D40-949C-76B805C284E2}.Release|Any CPU.ActiveCfg = Release|Any CPU
		{70AD4DD6-F2C4-4D40-949C-76B805C284E2}.Release|Any CPU.Build.0 = Release|Any CPU
		{70AD4DD6-F2C4-4D40-949C-76B805C284E2}.Release|x64.ActiveCfg = Release|Any CPU
		{70AD4DD6-F2C4-4D40-949C-76B805C284E2}.Release|x64.Build.0 = Release|Any CPU
		{70AD4DD6-F2C4-4D40-949C-76B805C284E2}.Release|x86.ActiveCfg = Release|Any CPU
		{70AD4DD6-F2C4-4D40-949C-76B805C284E2}.Release|x86.Build.0 = Release|Any CPU
		{BF3FAD84-F83E-4E37-B6A1-88B9323153BF}.Debug|Any CPU.ActiveCfg = Debug|Any CPU
		{BF3FAD84-F83E-4E37-B6A1-88B9323153BF}.Debug|Any CPU.Build.0 = Debug|Any CPU
		{BF3FAD84-F83E-4E37-B6A1-88B9323153BF}.Debug|x64.ActiveCfg = Debug|Any CPU
		{BF3FAD84-F83E-4E37-B6A1-88B9323153BF}.Debug|x64.Build.0 = Debug|Any CPU
		{BF3FAD84-F83E-4E37-B6A1-88B9323153BF}.Debug|x86.ActiveCfg = Debug|Any CPU
		{BF3FAD84-F83E-4E37-B6A1-88B9323153BF}.Debug|x86.Build.0 = Debug|Any CPU
		{BF3FAD84-F83E-4E37-B6A1-88B9323153BF}.Release|Any CPU.ActiveCfg = Release|Any CPU
		{BF3FAD84-F83E-4E37-B6A1-88B9323153BF}.Release|Any CPU.Build.0 = Release|Any CPU
		{BF3FAD84-F83E-4E37-B6A1-88B9323153BF}.Release|x64.ActiveCfg = Release|Any CPU
		{BF3FAD84-F83E-4E37-B6A1-88B9323153BF}.Release|x64.Build.0 = Release|Any CPU
		{BF3FAD84-F83E-4E37-B6A1-88B9323153BF}.Release|x86.ActiveCfg = Release|Any CPU
		{BF3FAD84-F83E-4E37-B6A1-88B9323153BF}.Release|x86.Build.0 = Release|Any CPU
		{C80596CE-EE9C-4F6B-8B79-1A2CEAE34B30}.Debug|Any CPU.ActiveCfg = Debug|Any CPU
		{C80596CE-EE9C-4F6B-8B79-1A2CEAE34B30}.Debug|Any CPU.Build.0 = Debug|Any CPU
		{C80596CE-EE9C-4F6B-8B79-1A2CEAE34B30}.Debug|x64.ActiveCfg = Debug|Any CPU
		{C80596CE-EE9C-4F6B-8B79-1A2CEAE34B30}.Debug|x64.Build.0 = Debug|Any CPU
		{C80596CE-EE9C-4F6B-8B79-1A2CEAE34B30}.Debug|x86.ActiveCfg = Debug|Any CPU
		{C80596CE-EE9C-4F6B-8B79-1A2CEAE34B30}.Debug|x86.Build.0 = Debug|Any CPU
		{C80596CE-EE9C-4F6B-8B79-1A2CEAE34B30}.Release|Any CPU.ActiveCfg = Release|Any CPU
		{C80596CE-EE9C-4F6B-8B79-1A2CEAE34B30}.Release|Any CPU.Build.0 = Release|Any CPU
		{C80596CE-EE9C-4F6B-8B79-1A2CEAE34B30}.Release|x64.ActiveCfg = Release|Any CPU
		{C80596CE-EE9C-4F6B-8B79-1A2CEAE34B30}.Release|x64.Build.0 = Release|Any CPU
		{C80596CE-EE9C-4F6B-8B79-1A2CEAE34B30}.Release|x86.ActiveCfg = Release|Any CPU
		{C80596CE-EE9C-4F6B-8B79-1A2CEAE34B30}.Release|x86.Build.0 = Release|Any CPU
		{FB0777DE-8D1B-4F12-A762-3C0C995BE939}.Debug|Any CPU.ActiveCfg = Debug|Any CPU
		{FB0777DE-8D1B-4F12-A762-3C0C995BE939}.Debug|Any CPU.Build.0 = Debug|Any CPU
		{FB0777DE-8D1B-4F12-A762-3C0C995BE939}.Debug|x64.ActiveCfg = Debug|Any CPU
		{FB0777DE-8D1B-4F12-A762-3C0C995BE939}.Debug|x64.Build.0 = Debug|Any CPU
		{FB0777DE-8D1B-4F12-A762-3C0C995BE939}.Debug|x86.ActiveCfg = Debug|Any CPU
		{FB0777DE-8D1B-4F12-A762-3C0C995BE939}.Debug|x86.Build.0 = Debug|Any CPU
		{FB0777DE-8D1B-4F12-A762-3C0C995BE939}.Release|Any CPU.ActiveCfg = Release|Any CPU
		{FB0777DE-8D1B-4F12-A762-3C0C995BE939}.Release|Any CPU.Build.0 = Release|Any CPU
		{FB0777DE-8D1B-4F12-A762-3C0C995BE939}.Release|x64.ActiveCfg = Release|Any CPU
		{FB0777DE-8D1B-4F12-A762-3C0C995BE939}.Release|x64.Build.0 = Release|Any CPU
		{FB0777DE-8D1B-4F12-A762-3C0C995BE939}.Release|x86.ActiveCfg = Release|Any CPU
		{FB0777DE-8D1B-4F12-A762-3C0C995BE939}.Release|x86.Build.0 = Release|Any CPU
		{29409B5E-4E16-4CF7-B2DE-7450F7808A2A}.Debug|Any CPU.ActiveCfg = Debug|Any CPU
		{29409B5E-4E16-4CF7-B2DE-7450F7808A2A}.Debug|Any CPU.Build.0 = Debug|Any CPU
		{29409B5E-4E16-4CF7-B2DE-7450F7808A2A}.Debug|x64.ActiveCfg = Debug|Any CPU
		{29409B5E-4E16-4CF7-B2DE-7450F7808A2A}.Debug|x64.Build.0 = Debug|Any CPU
		{29409B5E-4E16-4CF7-B2DE-7450F7808A2A}.Debug|x86.ActiveCfg = Debug|Any CPU
		{29409B5E-4E16-4CF7-B2DE-7450F7808A2A}.Debug|x86.Build.0 = Debug|Any CPU
		{29409B5E-4E16-4CF7-B2DE-7450F7808A2A}.Release|Any CPU.ActiveCfg = Release|Any CPU
		{29409B5E-4E16-4CF7-B2DE-7450F7808A2A}.Release|Any CPU.Build.0 = Release|Any CPU
		{29409B5E-4E16-4CF7-B2DE-7450F7808A2A}.Release|x64.ActiveCfg = Release|Any CPU
		{29409B5E-4E16-4CF7-B2DE-7450F7808A2A}.Release|x64.Build.0 = Release|Any CPU
		{29409B5E-4E16-4CF7-B2DE-7450F7808A2A}.Release|x86.ActiveCfg = Release|Any CPU
		{29409B5E-4E16-4CF7-B2DE-7450F7808A2A}.Release|x86.Build.0 = Release|Any CPU
		{1E141DA9-3EA4-4244-B6DA-66763F27ABD4}.Debug|Any CPU.ActiveCfg = Debug|Any CPU
		{1E141DA9-3EA4-4244-B6DA-66763F27ABD4}.Debug|Any CPU.Build.0 = Debug|Any CPU
		{1E141DA9-3EA4-4244-B6DA-66763F27ABD4}.Debug|x64.ActiveCfg = Debug|Any CPU
		{1E141DA9-3EA4-4244-B6DA-66763F27ABD4}.Debug|x64.Build.0 = Debug|Any CPU
		{1E141DA9-3EA4-4244-B6DA-66763F27ABD4}.Debug|x86.ActiveCfg = Debug|Any CPU
		{1E141DA9-3EA4-4244-B6DA-66763F27ABD4}.Debug|x86.Build.0 = Debug|Any CPU
		{1E141DA9-3EA4-4244-B6DA-66763F27ABD4}.Release|Any CPU.ActiveCfg = Release|Any CPU
		{1E141DA9-3EA4-4244-B6DA-66763F27ABD4}.Release|Any CPU.Build.0 = Release|Any CPU
		{1E141DA9-3EA4-4244-B6DA-66763F27ABD4}.Release|x64.ActiveCfg = Release|Any CPU
		{1E141DA9-3EA4-4244-B6DA-66763F27ABD4}.Release|x64.Build.0 = Release|Any CPU
		{1E141DA9-3EA4-4244-B6DA-66763F27ABD4}.Release|x86.ActiveCfg = Release|Any CPU
		{1E141DA9-3EA4-4244-B6DA-66763F27ABD4}.Release|x86.Build.0 = Release|Any CPU
		{BC2A044B-AE95-4B0F-B61E-0240763FC47C}.Debug|Any CPU.ActiveCfg = Debug|Any CPU
		{BC2A044B-AE95-4B0F-B61E-0240763FC47C}.Debug|Any CPU.Build.0 = Debug|Any CPU
		{BC2A044B-AE95-4B0F-B61E-0240763FC47C}.Debug|x64.ActiveCfg = Debug|Any CPU
		{BC2A044B-AE95-4B0F-B61E-0240763FC47C}.Debug|x64.Build.0 = Debug|Any CPU
		{BC2A044B-AE95-4B0F-B61E-0240763FC47C}.Debug|x86.ActiveCfg = Debug|Any CPU
		{BC2A044B-AE95-4B0F-B61E-0240763FC47C}.Debug|x86.Build.0 = Debug|Any CPU
		{BC2A044B-AE95-4B0F-B61E-0240763FC47C}.Release|Any CPU.ActiveCfg = Release|Any CPU
		{BC2A044B-AE95-4B0F-B61E-0240763FC47C}.Release|Any CPU.Build.0 = Release|Any CPU
		{BC2A044B-AE95-4B0F-B61E-0240763FC47C}.Release|x64.ActiveCfg = Release|Any CPU
		{BC2A044B-AE95-4B0F-B61E-0240763FC47C}.Release|x64.Build.0 = Release|Any CPU
		{BC2A044B-AE95-4B0F-B61E-0240763FC47C}.Release|x86.ActiveCfg = Release|Any CPU
		{BC2A044B-AE95-4B0F-B61E-0240763FC47C}.Release|x86.Build.0 = Release|Any CPU
		{E6946328-59C1-4948-AB36-CCAED85C67A3}.Debug|Any CPU.ActiveCfg = Debug|Any CPU
		{E6946328-59C1-4948-AB36-CCAED85C67A3}.Debug|Any CPU.Build.0 = Debug|Any CPU
		{E6946328-59C1-4948-AB36-CCAED85C67A3}.Debug|x64.ActiveCfg = Debug|Any CPU
		{E6946328-59C1-4948-AB36-CCAED85C67A3}.Debug|x64.Build.0 = Debug|Any CPU
		{E6946328-59C1-4948-AB36-CCAED85C67A3}.Debug|x86.ActiveCfg = Debug|Any CPU
		{E6946328-59C1-4948-AB36-CCAED85C67A3}.Debug|x86.Build.0 = Debug|Any CPU
		{E6946328-59C1-4948-AB36-CCAED85C67A3}.Release|Any CPU.ActiveCfg = Release|Any CPU
		{E6946328-59C1-4948-AB36-CCAED85C67A3}.Release|Any CPU.Build.0 = Release|Any CPU
		{E6946328-59C1-4948-AB36-CCAED85C67A3}.Release|x64.ActiveCfg = Release|Any CPU
		{E6946328-59C1-4948-AB36-CCAED85C67A3}.Release|x64.Build.0 = Release|Any CPU
		{E6946328-59C1-4948-AB36-CCAED85C67A3}.Release|x86.ActiveCfg = Release|Any CPU
		{E6946328-59C1-4948-AB36-CCAED85C67A3}.Release|x86.Build.0 = Release|Any CPU
		{0C271371-1B8F-440C-8518-F8A2EAF4B137}.Debug|Any CPU.ActiveCfg = Debug|Any CPU
		{0C271371-1B8F-440C-8518-F8A2EAF4B137}.Debug|Any CPU.Build.0 = Debug|Any CPU
		{0C271371-1B8F-440C-8518-F8A2EAF4B137}.Debug|x64.ActiveCfg = Debug|Any CPU
		{0C271371-1B8F-440C-8518-F8A2EAF4B137}.Debug|x64.Build.0 = Debug|Any CPU
		{0C271371-1B8F-440C-8518-F8A2EAF4B137}.Debug|x86.ActiveCfg = Debug|Any CPU
		{0C271371-1B8F-440C-8518-F8A2EAF4B137}.Debug|x86.Build.0 = Debug|Any CPU
		{0C271371-1B8F-440C-8518-F8A2EAF4B137}.Release|Any CPU.ActiveCfg = Release|Any CPU
		{0C271371-1B8F-440C-8518-F8A2EAF4B137}.Release|Any CPU.Build.0 = Release|Any CPU
		{0C271371-1B8F-440C-8518-F8A2EAF4B137}.Release|x64.ActiveCfg = Release|Any CPU
		{0C271371-1B8F-440C-8518-F8A2EAF4B137}.Release|x64.Build.0 = Release|Any CPU
		{0C271371-1B8F-440C-8518-F8A2EAF4B137}.Release|x86.ActiveCfg = Release|Any CPU
		{0C271371-1B8F-440C-8518-F8A2EAF4B137}.Release|x86.Build.0 = Release|Any CPU
		{6B788929-0672-4FA7-906F-DE244F4732B7}.Debug|Any CPU.ActiveCfg = Debug|Any CPU
		{6B788929-0672-4FA7-906F-DE244F4732B7}.Debug|Any CPU.Build.0 = Debug|Any CPU
		{6B788929-0672-4FA7-906F-DE244F4732B7}.Debug|x64.ActiveCfg = Debug|Any CPU
		{6B788929-0672-4FA7-906F-DE244F4732B7}.Debug|x64.Build.0 = Debug|Any CPU
		{6B788929-0672-4FA7-906F-DE244F4732B7}.Debug|x86.ActiveCfg = Debug|Any CPU
		{6B788929-0672-4FA7-906F-DE244F4732B7}.Debug|x86.Build.0 = Debug|Any CPU
		{6B788929-0672-4FA7-906F-DE244F4732B7}.Release|Any CPU.ActiveCfg = Release|Any CPU
		{6B788929-0672-4FA7-906F-DE244F4732B7}.Release|Any CPU.Build.0 = Release|Any CPU
		{6B788929-0672-4FA7-906F-DE244F4732B7}.Release|x64.ActiveCfg = Release|Any CPU
		{6B788929-0672-4FA7-906F-DE244F4732B7}.Release|x64.Build.0 = Release|Any CPU
		{6B788929-0672-4FA7-906F-DE244F4732B7}.Release|x86.ActiveCfg = Release|Any CPU
		{6B788929-0672-4FA7-906F-DE244F4732B7}.Release|x86.Build.0 = Release|Any CPU
	EndGlobalSection
	GlobalSection(NestedProjects) = preSolution
		{D8131430-E3B8-4894-80CA-0FC6797B86A4} = {F13E68D4-3C00-4859-B8DF-C7AC5C463C27}
		{3EB31D95-B7B1-4C3D-8175-B210DB7FED36} = {F13E68D4-3C00-4859-B8DF-C7AC5C463C27}
		{9832BEDC-798F-40EB-A620-DD1E04A6B5FA} = {F13E68D4-3C00-4859-B8DF-C7AC5C463C27}
		{E56BBF61-8A63-4E1B-8367-BD0B43D2C5DB} = {F13E68D4-3C00-4859-B8DF-C7AC5C463C27}
		{072ED1AB-26F9-4B03-8247-BC0F0ADBE2C3} = {F13E68D4-3C00-4859-B8DF-C7AC5C463C27}
		{50DB85C1-B784-4C31-8055-DB3D84A4FD29} = {F13E68D4-3C00-4859-B8DF-C7AC5C463C27}
		{EE0FFEF9-54F4-409B-8232-220684C852FF} = {F13E68D4-3C00-4859-B8DF-C7AC5C463C27}
		{4684FCEA-CB08-43EB-A9B3-94CBCD9C8E36} = {F13E68D4-3C00-4859-B8DF-C7AC5C463C27}
		{70AD4DD6-F2C4-4D40-949C-76B805C284E2} = {F13E68D4-3C00-4859-B8DF-C7AC5C463C27}
		{BF3FAD84-F83E-4E37-B6A1-88B9323153BF} = {F13E68D4-3C00-4859-B8DF-C7AC5C463C27}
		{C80596CE-EE9C-4F6B-8B79-1A2CEAE34B30} = {F13E68D4-3C00-4859-B8DF-C7AC5C463C27}
		{FB0777DE-8D1B-4F12-A762-3C0C995BE939} = {F13E68D4-3C00-4859-B8DF-C7AC5C463C27}
		{29409B5E-4E16-4CF7-B2DE-7450F7808A2A} = {F13E68D4-3C00-4859-B8DF-C7AC5C463C27}
		{1E141DA9-3EA4-4244-B6DA-66763F27ABD4} = {F13E68D4-3C00-4859-B8DF-C7AC5C463C27}
		{BC2A044B-AE95-4B0F-B61E-0240763FC47C} = {8E278CEB-500A-4917-863B-3002FA23D65A}
		{E6946328-59C1-4948-AB36-CCAED85C67A3} = {8E278CEB-500A-4917-863B-3002FA23D65A}
		{0C271371-1B8F-440C-8518-F8A2EAF4B137} = {8E278CEB-500A-4917-863B-3002FA23D65A}
		{6B788929-0672-4FA7-906F-DE244F4732B7} = {F13E68D4-3C00-4859-B8DF-C7AC5C463C27}
	EndGlobalSection
EndGlobal
