
Microsoft Visual Studio Solution File, Format Version 12.00
# Visual Studio 15
VisualStudioVersion = 15.0.26124.0
MinimumVisualStudioVersion = 15.0.26124.0
Project("{FAE04EC0-301F-11D3-BF4B-00C04F79EFBC}") = "EventHorizon", "EventHorizon\EventHorizon.csproj", "{FE4CC53C-2BC1-453B-A3AF-B91EF72B9F91}"
EndProject
Project("{FAE04EC0-301F-11D3-BF4B-00C04F79EFBC}") = "Kitchen", "Kitchen\Kitchen.csproj", "{9122CEE4-7085-4E82-8704-320151047CA2}"
EndProject
Project("{FAE04EC0-301F-11D3-BF4B-00C04F79EFBC}") = "Advanced", "Advanced\Advanced.csproj", "{48350006-3777-42D6-ACAE-080747D1050A}"
EndProject
Project("{FAE04EC0-301F-11D3-BF4B-00C04F79EFBC}") = "Aggregates", "Aggregates\Aggregates.csproj", "{6DD51ED4-6CA5-43CC-BF56-10AF4715B26A}"
EndProject
Global
	GlobalSection(SolutionConfigurationPlatforms) = preSolution
		Debug|Any CPU = Debug|Any CPU
		Debug|x64 = Debug|x64
		Debug|x86 = Debug|x86
		Release|Any CPU = Release|Any CPU
		Release|x64 = Release|x64
		Release|x86 = Release|x86
	EndGlobalSection
	GlobalSection(SolutionProperties) = preSolution
		HideSolutionNode = FALSE
	EndGlobalSection
	GlobalSection(ProjectConfigurationPlatforms) = postSolution
		{FE4CC53C-2BC1-453B-A3AF-B91EF72B9F91}.Debug|Any CPU.ActiveCfg = Debug|Any CPU
		{FE4CC53C-2BC1-453B-A3AF-B91EF72B9F91}.Debug|Any CPU.Build.0 = Debug|Any CPU
		{FE4CC53C-2BC1-453B-A3AF-B91EF72B9F91}.Debug|x64.ActiveCfg = Debug|Any CPU
		{FE4CC53C-2BC1-453B-A3AF-B91EF72B9F91}.Debug|x64.Build.0 = Debug|Any CPU
		{FE4CC53C-2BC1-453B-A3AF-B91EF72B9F91}.Debug|x86.ActiveCfg = Debug|Any CPU
		{FE4CC53C-2BC1-453B-A3AF-B91EF72B9F91}.Debug|x86.Build.0 = Debug|Any CPU
		{FE4CC53C-2BC1-453B-A3AF-B91EF72B9F91}.Release|Any CPU.ActiveCfg = Release|Any CPU
		{FE4CC53C-2BC1-453B-A3AF-B91EF72B9F91}.Release|Any CPU.Build.0 = Release|Any CPU
		{FE4CC53C-2BC1-453B-A3AF-B91EF72B9F91}.Release|x64.ActiveCfg = Release|Any CPU
		{FE4CC53C-2BC1-453B-A3AF-B91EF72B9F91}.Release|x64.Build.0 = Release|Any CPU
		{FE4CC53C-2BC1-453B-A3AF-B91EF72B9F91}.Release|x86.ActiveCfg = Release|Any CPU
		{FE4CC53C-2BC1-453B-A3AF-B91EF72B9F91}.Release|x86.Build.0 = Release|Any CPU
		{9122CEE4-7085-4E82-8704-320151047CA2}.Debug|Any CPU.ActiveCfg = Debug|Any CPU
		{9122CEE4-7085-4E82-8704-320151047CA2}.Debug|Any CPU.Build.0 = Debug|Any CPU
		{9122CEE4-7085-4E82-8704-320151047CA2}.Debug|x64.ActiveCfg = Debug|Any CPU
		{9122CEE4-7085-4E82-8704-320151047CA2}.Debug|x64.Build.0 = Debug|Any CPU
		{9122CEE4-7085-4E82-8704-320151047CA2}.Debug|x86.ActiveCfg = Debug|Any CPU
		{9122CEE4-7085-4E82-8704-320151047CA2}.Debug|x86.Build.0 = Debug|Any CPU
		{9122CEE4-7085-4E82-8704-320151047CA2}.Release|Any CPU.ActiveCfg = Release|Any CPU
		{9122CEE4-7085-4E82-8704-320151047CA2}.Release|Any CPU.Build.0 = Release|Any CPU
		{9122CEE4-7085-4E82-8704-320151047CA2}.Release|x64.ActiveCfg = Release|Any CPU
		{9122CEE4-7085-4E82-8704-320151047CA2}.Release|x64.Build.0 = Release|Any CPU
		{9122CEE4-7085-4E82-8704-320151047CA2}.Release|x86.ActiveCfg = Release|Any CPU
		{9122CEE4-7085-4E82-8704-320151047CA2}.Release|x86.Build.0 = Release|Any CPU
		{48350006-3777-42D6-ACAE-080747D1050A}.Debug|Any CPU.ActiveCfg = Debug|Any CPU
		{48350006-3777-42D6-ACAE-080747D1050A}.Debug|Any CPU.Build.0 = Debug|Any CPU
		{48350006-3777-42D6-ACAE-080747D1050A}.Debug|x64.ActiveCfg = Debug|Any CPU
		{48350006-3777-42D6-ACAE-080747D1050A}.Debug|x64.Build.0 = Debug|Any CPU
		{48350006-3777-42D6-ACAE-080747D1050A}.Debug|x86.ActiveCfg = Debug|Any CPU
		{48350006-3777-42D6-ACAE-080747D1050A}.Debug|x86.Build.0 = Debug|Any CPU
		{48350006-3777-42D6-ACAE-080747D1050A}.Release|Any CPU.ActiveCfg = Release|Any CPU
		{48350006-3777-42D6-ACAE-080747D1050A}.Release|Any CPU.Build.0 = Release|Any CPU
		{48350006-3777-42D6-ACAE-080747D1050A}.Release|x64.ActiveCfg = Release|Any CPU
		{48350006-3777-42D6-ACAE-080747D1050A}.Release|x64.Build.0 = Release|Any CPU
		{48350006-3777-42D6-ACAE-080747D1050A}.Release|x86.ActiveCfg = Release|Any CPU
		{48350006-3777-42D6-ACAE-080747D1050A}.Release|x86.Build.0 = Release|Any CPU
		{6DD51ED4-6CA5-43CC-BF56-10AF4715B26A}.Debug|Any CPU.ActiveCfg = Debug|Any CPU
		{6DD51ED4-6CA5-43CC-BF56-10AF4715B26A}.Debug|Any CPU.Build.0 = Debug|Any CPU
		{6DD51ED4-6CA5-43CC-BF56-10AF4715B26A}.Debug|x64.ActiveCfg = Debug|Any CPU
		{6DD51ED4-6CA5-43CC-BF56-10AF4715B26A}.Debug|x64.Build.0 = Debug|Any CPU
		{6DD51ED4-6CA5-43CC-BF56-10AF4715B26A}.Debug|x86.ActiveCfg = Debug|Any CPU
		{6DD51ED4-6CA5-43CC-BF56-10AF4715B26A}.Debug|x86.Build.0 = Debug|Any CPU
		{6DD51ED4-6CA5-43CC-BF56-10AF4715B26A}.Release|Any CPU.ActiveCfg = Release|Any CPU
		{6DD51ED4-6CA5-43CC-BF56-10AF4715B26A}.Release|Any CPU.Build.0 = Release|Any CPU
		{6DD51ED4-6CA5-43CC-BF56-10AF4715B26A}.Release|x64.ActiveCfg = Release|Any CPU
		{6DD51ED4-6CA5-43CC-BF56-10AF4715B26A}.Release|x64.Build.0 = Release|Any CPU
		{6DD51ED4-6CA5-43CC-BF56-10AF4715B26A}.Release|x86.ActiveCfg = Release|Any CPU
		{6DD51ED4-6CA5-43CC-BF56-10AF4715B26A}.Release|x86.Build.0 = Release|Any CPU
	EndGlobalSection
EndGlobal
