
Microsoft Visual Studio Solution File, Format Version 12.00
# Visual Studio 15
VisualStudioVersion = 15.0.26124.0
MinimumVisualStudioVersion = 15.0.26124.0
Project("{FAE04EC0-301F-11D3-BF4B-00C04F79EFBC}") = "ASP.NET", "ASP.NET\ASP.NET.csproj", "{DB45A691-B948-4493-A5F1-47D890AB7E70}"
EndProject
Project("{2150E333-8FDC-42A3-9474-1A3956D46DE8}") = "Tutorials", "Tutorials", "{EB34FD36-A38B-4256-AE0D-B82C3152398A}"
EndProject
Project("{FAE04EC0-301F-11D3-BF4B-00C04F79EFBC}") = "Aggregates", "Tutorials\Aggregates\Aggregates.csproj", "{989ED966-4B49-4516-9065-F223F8A20E3B}"
EndProject
Project("{2150E333-8FDC-42A3-9474-1A3956D46DE8}") = "EventHorizon", "EventHorizon", "{549CBEC6-8A2B-452F-96D6-A885449242A6}"
EndProject
Project("{FAE04EC0-301F-11D3-BF4B-00C04F79EFBC}") = "Consumer", "Tutorials\EventHorizon\Consumer\Consumer.csproj", "{5CA550E9-1454-4967-8DFE-85ECB2956B02}"
EndProject
Project("{FAE04EC0-301F-11D3-BF4B-00C04F79EFBC}") = "Producer", "Tutorials\EventHorizon\Producer\Producer.csproj", "{B6739A17-9511-4F09-9007-1B164B777F17}"
EndProject
Project("{FAE04EC0-301F-11D3-BF4B-00C04F79EFBC}") = "Kitchen", "Tutorials\GettingStarted\Kitchen.csproj", "{28C2AB1E-B40D-4615-983C-7C22A90812C9}"
EndProject
Project("{FAE04EC0-301F-11D3-BF4B-00C04F79EFBC}") = "Projections", "Tutorials\Projections\Projections.csproj", "{231A2603-C9A3-4A9D-ACBB-EC708E97DE4E}"
EndProject
Project("{FAE04EC0-301F-11D3-BF4B-00C04F79EFBC}") = "Embeddings", "Tutorials\Embeddings\Embeddings.csproj", "{E8C07153-7F5E-4421-B891-DB82E59F974A}"
EndProject
Global
	GlobalSection(SolutionConfigurationPlatforms) = preSolution
		Debug|Any CPU = Debug|Any CPU
		Debug|x64 = Debug|x64
		Debug|x86 = Debug|x86
		Release|Any CPU = Release|Any CPU
		Release|x64 = Release|x64
		Release|x86 = Release|x86
	EndGlobalSection
	GlobalSection(SolutionProperties) = preSolution
		HideSolutionNode = FALSE
	EndGlobalSection
	GlobalSection(ProjectConfigurationPlatforms) = postSolution
		{DB45A691-B948-4493-A5F1-47D890AB7E70}.Debug|Any CPU.ActiveCfg = Debug|Any CPU
		{DB45A691-B948-4493-A5F1-47D890AB7E70}.Debug|Any CPU.Build.0 = Debug|Any CPU
		{DB45A691-B948-4493-A5F1-47D890AB7E70}.Debug|x64.ActiveCfg = Debug|Any CPU
		{DB45A691-B948-4493-A5F1-47D890AB7E70}.Debug|x64.Build.0 = Debug|Any CPU
		{DB45A691-B948-4493-A5F1-47D890AB7E70}.Debug|x86.ActiveCfg = Debug|Any CPU
		{DB45A691-B948-4493-A5F1-47D890AB7E70}.Debug|x86.Build.0 = Debug|Any CPU
		{DB45A691-B948-4493-A5F1-47D890AB7E70}.Release|Any CPU.ActiveCfg = Release|Any CPU
		{DB45A691-B948-4493-A5F1-47D890AB7E70}.Release|Any CPU.Build.0 = Release|Any CPU
		{DB45A691-B948-4493-A5F1-47D890AB7E70}.Release|x64.ActiveCfg = Release|Any CPU
		{DB45A691-B948-4493-A5F1-47D890AB7E70}.Release|x64.Build.0 = Release|Any CPU
		{DB45A691-B948-4493-A5F1-47D890AB7E70}.Release|x86.ActiveCfg = Release|Any CPU
		{DB45A691-B948-4493-A5F1-47D890AB7E70}.Release|x86.Build.0 = Release|Any CPU
		{989ED966-4B49-4516-9065-F223F8A20E3B}.Debug|Any CPU.ActiveCfg = Debug|Any CPU
		{989ED966-4B49-4516-9065-F223F8A20E3B}.Debug|Any CPU.Build.0 = Debug|Any CPU
		{989ED966-4B49-4516-9065-F223F8A20E3B}.Debug|x64.ActiveCfg = Debug|Any CPU
		{989ED966-4B49-4516-9065-F223F8A20E3B}.Debug|x64.Build.0 = Debug|Any CPU
		{989ED966-4B49-4516-9065-F223F8A20E3B}.Debug|x86.ActiveCfg = Debug|Any CPU
		{989ED966-4B49-4516-9065-F223F8A20E3B}.Debug|x86.Build.0 = Debug|Any CPU
		{989ED966-4B49-4516-9065-F223F8A20E3B}.Release|Any CPU.ActiveCfg = Release|Any CPU
		{989ED966-4B49-4516-9065-F223F8A20E3B}.Release|Any CPU.Build.0 = Release|Any CPU
		{989ED966-4B49-4516-9065-F223F8A20E3B}.Release|x64.ActiveCfg = Release|Any CPU
		{989ED966-4B49-4516-9065-F223F8A20E3B}.Release|x64.Build.0 = Release|Any CPU
		{989ED966-4B49-4516-9065-F223F8A20E3B}.Release|x86.ActiveCfg = Release|Any CPU
		{989ED966-4B49-4516-9065-F223F8A20E3B}.Release|x86.Build.0 = Release|Any CPU
		{5CA550E9-1454-4967-8DFE-85ECB2956B02}.Debug|Any CPU.ActiveCfg = Debug|Any CPU
		{5CA550E9-1454-4967-8DFE-85ECB2956B02}.Debug|Any CPU.Build.0 = Debug|Any CPU
		{5CA550E9-1454-4967-8DFE-85ECB2956B02}.Debug|x64.ActiveCfg = Debug|Any CPU
		{5CA550E9-1454-4967-8DFE-85ECB2956B02}.Debug|x64.Build.0 = Debug|Any CPU
		{5CA550E9-1454-4967-8DFE-85ECB2956B02}.Debug|x86.ActiveCfg = Debug|Any CPU
		{5CA550E9-1454-4967-8DFE-85ECB2956B02}.Debug|x86.Build.0 = Debug|Any CPU
		{5CA550E9-1454-4967-8DFE-85ECB2956B02}.Release|Any CPU.ActiveCfg = Release|Any CPU
		{5CA550E9-1454-4967-8DFE-85ECB2956B02}.Release|Any CPU.Build.0 = Release|Any CPU
		{5CA550E9-1454-4967-8DFE-85ECB2956B02}.Release|x64.ActiveCfg = Release|Any CPU
		{5CA550E9-1454-4967-8DFE-85ECB2956B02}.Release|x64.Build.0 = Release|Any CPU
		{5CA550E9-1454-4967-8DFE-85ECB2956B02}.Release|x86.ActiveCfg = Release|Any CPU
		{5CA550E9-1454-4967-8DFE-85ECB2956B02}.Release|x86.Build.0 = Release|Any CPU
		{B6739A17-9511-4F09-9007-1B164B777F17}.Debug|Any CPU.ActiveCfg = Debug|Any CPU
		{B6739A17-9511-4F09-9007-1B164B777F17}.Debug|Any CPU.Build.0 = Debug|Any CPU
		{B6739A17-9511-4F09-9007-1B164B777F17}.Debug|x64.ActiveCfg = Debug|Any CPU
		{B6739A17-9511-4F09-9007-1B164B777F17}.Debug|x64.Build.0 = Debug|Any CPU
		{B6739A17-9511-4F09-9007-1B164B777F17}.Debug|x86.ActiveCfg = Debug|Any CPU
		{B6739A17-9511-4F09-9007-1B164B777F17}.Debug|x86.Build.0 = Debug|Any CPU
		{B6739A17-9511-4F09-9007-1B164B777F17}.Release|Any CPU.ActiveCfg = Release|Any CPU
		{B6739A17-9511-4F09-9007-1B164B777F17}.Release|Any CPU.Build.0 = Release|Any CPU
		{B6739A17-9511-4F09-9007-1B164B777F17}.Release|x64.ActiveCfg = Release|Any CPU
		{B6739A17-9511-4F09-9007-1B164B777F17}.Release|x64.Build.0 = Release|Any CPU
		{B6739A17-9511-4F09-9007-1B164B777F17}.Release|x86.ActiveCfg = Release|Any CPU
		{B6739A17-9511-4F09-9007-1B164B777F17}.Release|x86.Build.0 = Release|Any CPU
		{28C2AB1E-B40D-4615-983C-7C22A90812C9}.Debug|Any CPU.ActiveCfg = Debug|Any CPU
		{28C2AB1E-B40D-4615-983C-7C22A90812C9}.Debug|Any CPU.Build.0 = Debug|Any CPU
		{28C2AB1E-B40D-4615-983C-7C22A90812C9}.Debug|x64.ActiveCfg = Debug|Any CPU
		{28C2AB1E-B40D-4615-983C-7C22A90812C9}.Debug|x64.Build.0 = Debug|Any CPU
		{28C2AB1E-B40D-4615-983C-7C22A90812C9}.Debug|x86.ActiveCfg = Debug|Any CPU
		{28C2AB1E-B40D-4615-983C-7C22A90812C9}.Debug|x86.Build.0 = Debug|Any CPU
		{28C2AB1E-B40D-4615-983C-7C22A90812C9}.Release|Any CPU.ActiveCfg = Release|Any CPU
		{28C2AB1E-B40D-4615-983C-7C22A90812C9}.Release|Any CPU.Build.0 = Release|Any CPU
		{28C2AB1E-B40D-4615-983C-7C22A90812C9}.Release|x64.ActiveCfg = Release|Any CPU
		{28C2AB1E-B40D-4615-983C-7C22A90812C9}.Release|x64.Build.0 = Release|Any CPU
		{28C2AB1E-B40D-4615-983C-7C22A90812C9}.Release|x86.ActiveCfg = Release|Any CPU
		{28C2AB1E-B40D-4615-983C-7C22A90812C9}.Release|x86.Build.0 = Release|Any CPU
		{231A2603-C9A3-4A9D-ACBB-EC708E97DE4E}.Debug|Any CPU.ActiveCfg = Debug|Any CPU
		{231A2603-C9A3-4A9D-ACBB-EC708E97DE4E}.Debug|Any CPU.Build.0 = Debug|Any CPU
		{231A2603-C9A3-4A9D-ACBB-EC708E97DE4E}.Debug|x64.ActiveCfg = Debug|Any CPU
		{231A2603-C9A3-4A9D-ACBB-EC708E97DE4E}.Debug|x64.Build.0 = Debug|Any CPU
		{231A2603-C9A3-4A9D-ACBB-EC708E97DE4E}.Debug|x86.ActiveCfg = Debug|Any CPU
		{231A2603-C9A3-4A9D-ACBB-EC708E97DE4E}.Debug|x86.Build.0 = Debug|Any CPU
		{231A2603-C9A3-4A9D-ACBB-EC708E97DE4E}.Release|Any CPU.ActiveCfg = Release|Any CPU
		{231A2603-C9A3-4A9D-ACBB-EC708E97DE4E}.Release|Any CPU.Build.0 = Release|Any CPU
		{231A2603-C9A3-4A9D-ACBB-EC708E97DE4E}.Release|x64.ActiveCfg = Release|Any CPU
		{231A2603-C9A3-4A9D-ACBB-EC708E97DE4E}.Release|x64.Build.0 = Release|Any CPU
		{231A2603-C9A3-4A9D-ACBB-EC708E97DE4E}.Release|x86.ActiveCfg = Release|Any CPU
		{231A2603-C9A3-4A9D-ACBB-EC708E97DE4E}.Release|x86.Build.0 = Release|Any CPU
		{E8C07153-7F5E-4421-B891-DB82E59F974A}.Debug|Any CPU.ActiveCfg = Debug|Any CPU
		{E8C07153-7F5E-4421-B891-DB82E59F974A}.Debug|Any CPU.Build.0 = Debug|Any CPU
		{E8C07153-7F5E-4421-B891-DB82E59F974A}.Debug|x64.ActiveCfg = Debug|Any CPU
		{E8C07153-7F5E-4421-B891-DB82E59F974A}.Debug|x64.Build.0 = Debug|Any CPU
		{E8C07153-7F5E-4421-B891-DB82E59F974A}.Debug|x86.ActiveCfg = Debug|Any CPU
		{E8C07153-7F5E-4421-B891-DB82E59F974A}.Debug|x86.Build.0 = Debug|Any CPU
		{E8C07153-7F5E-4421-B891-DB82E59F974A}.Release|Any CPU.ActiveCfg = Release|Any CPU
		{E8C07153-7F5E-4421-B891-DB82E59F974A}.Release|Any CPU.Build.0 = Release|Any CPU
		{E8C07153-7F5E-4421-B891-DB82E59F974A}.Release|x64.ActiveCfg = Release|Any CPU
		{E8C07153-7F5E-4421-B891-DB82E59F974A}.Release|x64.Build.0 = Release|Any CPU
		{E8C07153-7F5E-4421-B891-DB82E59F974A}.Release|x86.ActiveCfg = Release|Any CPU
		{E8C07153-7F5E-4421-B891-DB82E59F974A}.Release|x86.Build.0 = Release|Any CPU
	EndGlobalSection
	GlobalSection(NestedProjects) = preSolution
		{989ED966-4B49-4516-9065-F223F8A20E3B} = {EB34FD36-A38B-4256-AE0D-B82C3152398A}
		{549CBEC6-8A2B-452F-96D6-A885449242A6} = {EB34FD36-A38B-4256-AE0D-B82C3152398A}
		{5CA550E9-1454-4967-8DFE-85ECB2956B02} = {549CBEC6-8A2B-452F-96D6-A885449242A6}
		{B6739A17-9511-4F09-9007-1B164B777F17} = {549CBEC6-8A2B-452F-96D6-A885449242A6}
		{28C2AB1E-B40D-4615-983C-7C22A90812C9} = {EB34FD36-A38B-4256-AE0D-B82C3152398A}
		{231A2603-C9A3-4A9D-ACBB-EC708E97DE4E} = {EB34FD36-A38B-4256-AE0D-B82C3152398A}
		{E8C07153-7F5E-4421-B891-DB82E59F974A} = {EB34FD36-A38B-4256-AE0D-B82C3152398A}
	EndGlobalSection
EndGlobal
