
Microsoft Visual Studio Solution File, Format Version 12.00
# Visual Studio 15
VisualStudioVersion = 15.0.26124.0
MinimumVisualStudioVersion = 15.0.26124.0
Project("{FAE04EC0-301F-11D3-BF4B-00C04F79EFBC}") = "Basic", "Basic\Basic.csproj", "{502DA1D2-C388-4C4C-8335-062AB3BAEF29}"
EndProject
Project("{FAE04EC0-301F-11D3-BF4B-00C04F79EFBC}") = "EventHorizon", "EventHorizon\EventHorizon.csproj", "{FE4CC53C-2BC1-453B-A3AF-B91EF72B9F91}"
EndProject
Global
	GlobalSection(SolutionConfigurationPlatforms) = preSolution
		Debug|Any CPU = Debug|Any CPU
		Debug|x64 = Debug|x64
		Debug|x86 = Debug|x86
		Release|Any CPU = Release|Any CPU
		Release|x64 = Release|x64
		Release|x86 = Release|x86
	EndGlobalSection
	GlobalSection(SolutionProperties) = preSolution
		HideSolutionNode = FALSE
	EndGlobalSection
	GlobalSection(ProjectConfigurationPlatforms) = postSolution
		{502DA1D2-C388-4C4C-8335-062AB3BAEF29}.Debug|Any CPU.ActiveCfg = Debug|Any CPU
		{502DA1D2-C388-4C4C-8335-062AB3BAEF29}.Debug|Any CPU.Build.0 = Debug|Any CPU
		{502DA1D2-C388-4C4C-8335-062AB3BAEF29}.Debug|x64.ActiveCfg = Debug|Any CPU
		{502DA1D2-C388-4C4C-8335-062AB3BAEF29}.Debug|x64.Build.0 = Debug|Any CPU
		{502DA1D2-C388-4C4C-8335-062AB3BAEF29}.Debug|x86.ActiveCfg = Debug|Any CPU
		{502DA1D2-C388-4C4C-8335-062AB3BAEF29}.Debug|x86.Build.0 = Debug|Any CPU
		{502DA1D2-C388-4C4C-8335-062AB3BAEF29}.Release|Any CPU.ActiveCfg = Release|Any CPU
		{502DA1D2-C388-4C4C-8335-062AB3BAEF29}.Release|Any CPU.Build.0 = Release|Any CPU
		{502DA1D2-C388-4C4C-8335-062AB3BAEF29}.Release|x64.ActiveCfg = Release|Any CPU
		{502DA1D2-C388-4C4C-8335-062AB3BAEF29}.Release|x64.Build.0 = Release|Any CPU
		{502DA1D2-C388-4C4C-8335-062AB3BAEF29}.Release|x86.ActiveCfg = Release|Any CPU
		{502DA1D2-C388-4C4C-8335-062AB3BAEF29}.Release|x86.Build.0 = Release|Any CPU
		{FE4CC53C-2BC1-453B-A3AF-B91EF72B9F91}.Debug|Any CPU.ActiveCfg = Debug|Any CPU
		{FE4CC53C-2BC1-453B-A3AF-B91EF72B9F91}.Debug|Any CPU.Build.0 = Debug|Any CPU
		{FE4CC53C-2BC1-453B-A3AF-B91EF72B9F91}.Debug|x64.ActiveCfg = Debug|Any CPU
		{FE4CC53C-2BC1-453B-A3AF-B91EF72B9F91}.Debug|x64.Build.0 = Debug|Any CPU
		{FE4CC53C-2BC1-453B-A3AF-B91EF72B9F91}.Debug|x86.ActiveCfg = Debug|Any CPU
		{FE4CC53C-2BC1-453B-A3AF-B91EF72B9F91}.Debug|x86.Build.0 = Debug|Any CPU
		{FE4CC53C-2BC1-453B-A3AF-B91EF72B9F91}.Release|Any CPU.ActiveCfg = Release|Any CPU
		{FE4CC53C-2BC1-453B-A3AF-B91EF72B9F91}.Release|Any CPU.Build.0 = Release|Any CPU
		{FE4CC53C-2BC1-453B-A3AF-B91EF72B9F91}.Release|x64.ActiveCfg = Release|Any CPU
		{FE4CC53C-2BC1-453B-A3AF-B91EF72B9F91}.Release|x64.Build.0 = Release|Any CPU
		{FE4CC53C-2BC1-453B-A3AF-B91EF72B9F91}.Release|x86.ActiveCfg = Release|Any CPU
		{FE4CC53C-2BC1-453B-A3AF-B91EF72B9F91}.Release|x86.Build.0 = Release|Any CPU
	EndGlobalSection
EndGlobal
