
Microsoft Visual Studio Solution File, Format Version 12.00
# Visual Studio 15
VisualStudioVersion = 15.0.26124.0
MinimumVisualStudioVersion = 15.0.26124.0
Project("{FAE04EC0-301F-11D3-BF4B-00C04F79EFBC}") = "DataPointsProcessor", "DataPointsProcessor\DataPointsProcessor.csproj", "{05202A7D-1886-4E87-9E6E-8BEA40303628}"
EndProject
Project("{FAE04EC0-301F-11D3-BF4B-00C04F79EFBC}") = "PullConnector", "PullConnector\PullConnector.csproj", "{D954FF3B-0F3D-44C7-8C4F-39059F9C7C82}"
EndProject
Project("{FAE04EC0-301F-11D3-BF4B-00C04F79EFBC}") = "PushConnector", "PushConnector\PushConnector.csproj", "{476C13CF-CB7A-4BF4-B329-F51C955B957A}"
EndProject
Global
	GlobalSection(SolutionConfigurationPlatforms) = preSolution
		Debug|Any CPU = Debug|Any CPU
		Debug|x64 = Debug|x64
		Debug|x86 = Debug|x86
		Release|Any CPU = Release|Any CPU
		Release|x64 = Release|x64
		Release|x86 = Release|x86
	EndGlobalSection
	GlobalSection(SolutionProperties) = preSolution
		HideSolutionNode = FALSE
	EndGlobalSection
	GlobalSection(ProjectConfigurationPlatforms) = postSolution
		{05202A7D-1886-4E87-9E6E-8BEA40303628}.Debug|Any CPU.ActiveCfg = Debug|Any CPU
		{05202A7D-1886-4E87-9E6E-8BEA40303628}.Debug|Any CPU.Build.0 = Debug|Any CPU
		{05202A7D-1886-4E87-9E6E-8BEA40303628}.Debug|x64.ActiveCfg = Debug|Any CPU
		{05202A7D-1886-4E87-9E6E-8BEA40303628}.Debug|x64.Build.0 = Debug|Any CPU
		{05202A7D-1886-4E87-9E6E-8BEA40303628}.Debug|x86.ActiveCfg = Debug|Any CPU
		{05202A7D-1886-4E87-9E6E-8BEA40303628}.Debug|x86.Build.0 = Debug|Any CPU
		{05202A7D-1886-4E87-9E6E-8BEA40303628}.Release|Any CPU.ActiveCfg = Release|Any CPU
		{05202A7D-1886-4E87-9E6E-8BEA40303628}.Release|Any CPU.Build.0 = Release|Any CPU
		{05202A7D-1886-4E87-9E6E-8BEA40303628}.Release|x64.ActiveCfg = Release|Any CPU
		{05202A7D-1886-4E87-9E6E-8BEA40303628}.Release|x64.Build.0 = Release|Any CPU
		{05202A7D-1886-4E87-9E6E-8BEA40303628}.Release|x86.ActiveCfg = Release|Any CPU
		{05202A7D-1886-4E87-9E6E-8BEA40303628}.Release|x86.Build.0 = Release|Any CPU
		{D954FF3B-0F3D-44C7-8C4F-39059F9C7C82}.Debug|Any CPU.ActiveCfg = Debug|Any CPU
		{D954FF3B-0F3D-44C7-8C4F-39059F9C7C82}.Debug|Any CPU.Build.0 = Debug|Any CPU
		{D954FF3B-0F3D-44C7-8C4F-39059F9C7C82}.Debug|x64.ActiveCfg = Debug|Any CPU
		{D954FF3B-0F3D-44C7-8C4F-39059F9C7C82}.Debug|x64.Build.0 = Debug|Any CPU
		{D954FF3B-0F3D-44C7-8C4F-39059F9C7C82}.Debug|x86.ActiveCfg = Debug|Any CPU
		{D954FF3B-0F3D-44C7-8C4F-39059F9C7C82}.Debug|x86.Build.0 = Debug|Any CPU
		{D954FF3B-0F3D-44C7-8C4F-39059F9C7C82}.Release|Any CPU.ActiveCfg = Release|Any CPU
		{D954FF3B-0F3D-44C7-8C4F-39059F9C7C82}.Release|Any CPU.Build.0 = Release|Any CPU
		{D954FF3B-0F3D-44C7-8C4F-39059F9C7C82}.Release|x64.ActiveCfg = Release|Any CPU
		{D954FF3B-0F3D-44C7-8C4F-39059F9C7C82}.Release|x64.Build.0 = Release|Any CPU
		{D954FF3B-0F3D-44C7-8C4F-39059F9C7C82}.Release|x86.ActiveCfg = Release|Any CPU
		{D954FF3B-0F3D-44C7-8C4F-39059F9C7C82}.Release|x86.Build.0 = Release|Any CPU
		{476C13CF-CB7A-4BF4-B329-F51C955B957A}.Debug|Any CPU.ActiveCfg = Debug|Any CPU
		{476C13CF-CB7A-4BF4-B329-F51C955B957A}.Debug|Any CPU.Build.0 = Debug|Any CPU
		{476C13CF-CB7A-4BF4-B329-F51C955B957A}.Debug|x64.ActiveCfg = Debug|Any CPU
		{476C13CF-CB7A-4BF4-B329-F51C955B957A}.Debug|x64.Build.0 = Debug|Any CPU
		{476C13CF-CB7A-4BF4-B329-F51C955B957A}.Debug|x86.ActiveCfg = Debug|Any CPU
		{476C13CF-CB7A-4BF4-B329-F51C955B957A}.Debug|x86.Build.0 = Debug|Any CPU
		{476C13CF-CB7A-4BF4-B329-F51C955B957A}.Release|Any CPU.ActiveCfg = Release|Any CPU
		{476C13CF-CB7A-4BF4-B329-F51C955B957A}.Release|Any CPU.Build.0 = Release|Any CPU
		{476C13CF-CB7A-4BF4-B329-F51C955B957A}.Release|x64.ActiveCfg = Release|Any CPU
		{476C13CF-CB7A-4BF4-B329-F51C955B957A}.Release|x64.Build.0 = Release|Any CPU
		{476C13CF-CB7A-4BF4-B329-F51C955B957A}.Release|x86.ActiveCfg = Release|Any CPU
		{476C13CF-CB7A-4BF4-B329-F51C955B957A}.Release|x86.Build.0 = Release|Any CPU
	EndGlobalSection
EndGlobal
